// !$*UTF8*$!
{
	archiveVersion = 1;
	classes = {
	};
	objectVersion = 77;
	objects = {

/* Begin PBXBuildFile section */
		4AB5088C5B913F46053FE7DA /* Pods_news.framework in Frameworks */ = {isa = PBXBuildFile; fileRef = E153CA2F955F3D1D71CB7715 /* Pods_news.framework */; };
		5F1083792F932AD700C64438 /* QueriesView.swift in Sources */ = {isa = PBXBuildFile; fileRef = 5F1083782F932AD700C64438 /* QueriesView.swift */; };
		5F10837B2F932B1F00C64438 /* QueriesViewModelPreview.swift in Sources */ = {isa = PBXBuildFile; fileRef = 5F10837A2F932B1F00C64438 /* QueriesViewModelPreview.swift */; };
		5F10837D2F932B6F00C64438 /* PreviewConstants+Queries.swift in Sources */ = {isa = PBXBuildFile; fileRef = 5F10837C2F932B6F00C64438 /* PreviewConstants+Queries.swift */; };
		5F10837E2F932B6F00C64438 /* PreviewConstants+Queries.swift in Sources */ = {isa = PBXBuildFile; fileRef = 5F10837C2F932B6F00C64438 /* PreviewConstants+Queries.swift */; };
		5F1083802F93378700C64438 /* QueriesViewModelTests.swift in Sources */ = {isa = PBXBuildFile; fileRef = 5F10837F2F93378700C64438 /* QueriesViewModelTests.swift */; };
		5F39225A2F7B742C00BC9749 /* ArticleView.swift in Sources */ = {isa = PBXBuildFile; fileRef = 5F3922592F7B742C00BC9749 /* ArticleView.swift */; };
		5F39225C2F7C179C00BC9749 /* OnlineArticleView.swift in Sources */ = {isa = PBXBuildFile; fileRef = 5F39225B2F7C179C00BC9749 /* OnlineArticleView.swift */; };
		5F39225E2F7C185100BC9749 /* OfflineArticleView.swift in Sources */ = {isa = PBXBuildFile; fileRef = 5F39225D2F7C185100BC9749 /* OfflineArticleView.swift */; };
		5F5AF2A12F6DA06400453EF3 /* ArticlesViewModelTest.swift in Sources */ = {isa = PBXBuildFile; fileRef = 5F6F7F9C2F6CB9D8007A6B9B /* ArticlesViewModelTest.swift */; };
		5F5AF2A22F6DA06B00453EF3 /* RepositoryTests.swift in Sources */ = {isa = PBXBuildFile; fileRef = 5F6F7F9B2F6CB9D8007A6B9B /* RepositoryTests.swift */; };
		5F5AF2A32F6DA07100453EF3 /* HttpClientTest.swift in Sources */ = {isa = PBXBuildFile; fileRef = 5F6F7F9A2F6CB9D8007A6B9B /* HttpClientTest.swift */; };
		5F5AF2A42F6DA09200453EF3 /* MockInternetService.swift in Sources */ = {isa = PBXBuildFile; fileRef = 5F6F7F952F6CB9D8007A6B9B /* MockInternetService.swift */; };
		5F5AF2A52F6DA09800453EF3 /* MockHttpClient.swift in Sources */ = {isa = PBXBuildFile; fileRef = 5F6F7F962F6CB9D8007A6B9B /* MockHttpClient.swift */; };
		5F5AF2A62F6DA09F00453EF3 /* MockRepository.swift in Sources */ = {isa = PBXBuildFile; fileRef = 5F6F7F972F6CB9D8007A6B9B /* MockRepository.swift */; };
		5F5AF2A72F6DA0A500453EF3 /* MockNewsDatabase.swift in Sources */ = {isa = PBXBuildFile; fileRef = 5F6F7F982F6CB9D8007A6B9B /* MockNewsDatabase.swift */; };
		5F5AF2A82F6DA0AB00453EF3 /* HttpClientResponseRaw+Common.swift in Sources */ = {isa = PBXBuildFile; fileRef = 5F6F7F922F6CB9D8007A6B9B /* HttpClientResponseRaw+Common.swift */; };
		5F5AF2A92F6DA0AB00453EF3 /* Asyncstream+Common.swift in Sources */ = {isa = PBXBuildFile; fileRef = 5F6F7F912F6CB9D8007A6B9B /* Asyncstream+Common.swift */; };
		5F5AF2AA2F6DA0AB00453EF3 /* ArticleEntity+Common.swift in Sources */ = {isa = PBXBuildFile; fileRef = 5F6F7F932F6CB9D8007A6B9B /* ArticleEntity+Common.swift */; };
		5F6F7F1F2F6CB93B007A6B9B /* Localizable.xcstrings in Resources */ = {isa = PBXBuildFile; fileRef = 5F6F7F132F6CB93B007A6B9B /* Localizable.xcstrings */; };
		5F6F7F202F6CB93B007A6B9B /* DefaultInjections.swift in Sources */ = {isa = PBXBuildFile; fileRef = 5F6F7F102F6CB93B007A6B9B /* DefaultInjections.swift */; };
		5F6F7F212F6CB93B007A6B9B /* InjectionType.swift in Sources */ = {isa = PBXBuildFile; fileRef = 5F6F7F1C2F6CB93B007A6B9B /* InjectionType.swift */; };
		5F6F7F222F6CB93B007A6B9B /* InjectionProvider.swift in Sources */ = {isa = PBXBuildFile; fileRef = 5F6F7F1B2F6CB93B007A6B9B /* InjectionProvider.swift */; };
		5F6F7F232F6CB93B007A6B9B /* Inject.swift in Sources */ = {isa = PBXBuildFile; fileRef = 5F6F7F192F6CB93B007A6B9B /* Inject.swift */; };
		5F6F7F242F6CB93B007A6B9B /* Array+Comon.swift in Sources */ = {isa = PBXBuildFile; fileRef = 5F6F7F162F6CB93B007A6B9B /* Array+Comon.swift */; };
		5F6F7F252F6CB93B007A6B9B /* Injections.swift in Sources */ = {isa = PBXBuildFile; fileRef = 5F6F7F1A2F6CB93B007A6B9B /* Injections.swift */; };
		5F6F7F262F6CB93B007A6B9B /* String+Common.swift in Sources */ = {isa = PBXBuildFile; fileRef = 5F6F7F152F6CB93B007A6B9B /* String+Common.swift */; };
		5F6F7F272F6CB93B007A6B9B /* NewsApi.swift in Sources */ = {isa = PBXBuildFile; fileRef = 5F6F7F112F6CB93B007A6B9B /* NewsApi.swift */; };
		5F6F7F282F6CB93B007A6B9B /* ArticleEntity+DateCreated.swift in Sources */ = {isa = PBXBuildFile; fileRef = 5F6F7F172F6CB93B007A6B9B /* ArticleEntity+DateCreated.swift */; };
		5F6F7F352F6CB94F007A6B9B /* ArticlesToolbarModifier.swift in Sources */ = {isa = PBXBuildFile; fileRef = 5F6F7F2C2F6CB94F007A6B9B /* ArticlesToolbarModifier.swift */; };
		5F6F7F372F6CB94F007A6B9B /* ArticleCardView.swift in Sources */ = {isa = PBXBuildFile; fileRef = 5F6F7F2D2F6CB94F007A6B9B /* ArticleCardView.swift */; };
		5F6F7F382F6CB94F007A6B9B /* ArticlesView.swift in Sources */ = {isa = PBXBuildFile; fileRef = 5F6F7F2E2F6CB94F007A6B9B /* ArticlesView.swift */; };
		5F6F7F392F6CB94F007A6B9B /* ArticlesViewModelContract.swift in Sources */ = {isa = PBXBuildFile; fileRef = 5F6F7F322F6CB94F007A6B9B /* ArticlesViewModelContract.swift */; };
		5F6F7F3A2F6CB94F007A6B9B /* ArticlesViewModelPreview.swift in Sources */ = {isa = PBXBuildFile; fileRef = 5F6F7F302F6CB94F007A6B9B /* ArticlesViewModelPreview.swift */; };
		5F6F7F3B2F6CB94F007A6B9B /* Dimensions.swift in Sources */ = {isa = PBXBuildFile; fileRef = 5F6F7F2A2F6CB94F007A6B9B /* Dimensions.swift */; };
		5F6F7F3C2F6CB94F007A6B9B /* ArticlesViewModel.swift in Sources */ = {isa = PBXBuildFile; fileRef = 5F6F7F312F6CB94F007A6B9B /* ArticlesViewModel.swift */; };
		5F6F7F3D2F6CB94F007A6B9B /* ProgressBar.swift in Sources */ = {isa = PBXBuildFile; fileRef = 5F6F7F2F2F6CB94F007A6B9B /* ProgressBar.swift */; };
		5F6F7F4E2F6CB9A0007A6B9B /* ArticleEntity.swift in Sources */ = {isa = PBXBuildFile; fileRef = 5F6F7F432F6CB9A0007A6B9B /* ArticleEntity.swift */; };
		5F6F7F4F2F6CB9A0007A6B9B /* Articles+Log.swift in Sources */ = {isa = PBXBuildFile; fileRef = 5F6F7F4A2F6CB9A0007A6B9B /* Articles+Log.swift */; };
		5F6F7F502F6CB9A0007A6B9B /* Article.swift in Sources */ = {isa = PBXBuildFile; fileRef = 5F6F7F4C2F6CB9A0007A6B9B /* Article.swift */; };
		5F6F7F512F6CB9A0007A6B9B /* Constants.swift in Sources */ = {isa = PBXBuildFile; fileRef = 5F6F7F482F6CB9A0007A6B9B /* Constants.swift */; };
		5F6F7F522F6CB9A0007A6B9B /* NewsDatabase.swift in Sources */ = {isa = PBXBuildFile; fileRef = 5F6F7F412F6CB9A0007A6B9B /* NewsDatabase.swift */; };
		5F6F7F532F6CB9A0007A6B9B /* QueryArticleEntity.swift in Sources */ = {isa = PBXBuildFile; fileRef = 5F6F7F442F6CB9A0007A6B9B /* QueryArticleEntity.swift */; };
		5F6F7F542F6CB9A0007A6B9B /* QueryEntity.swift in Sources */ = {isa = PBXBuildFile; fileRef = 5F6F7F452F6CB9A0007A6B9B /* QueryEntity.swift */; };
		5F6F7F552F6CB9A0007A6B9B /* EntityMapper.swift in Sources */ = {isa = PBXBuildFile; fileRef = 5F6F7F3F2F6CB9A0007A6B9B /* EntityMapper.swift */; };
		5F6F7F562F6CB9A0007A6B9B /* ArticleEntityMapper.swift in Sources */ = {isa = PBXBuildFile; fileRef = 5F6F7F3E2F6CB9A0007A6B9B /* ArticleEntityMapper.swift */; };
		5F6F7F572F6CB9A0007A6B9B /* Log.swift in Sources */ = {isa = PBXBuildFile; fileRef = 5F6F7F492F6CB9A0007A6B9B /* Log.swift */; };
		5F6F7F582F6CB9A0007A6B9B /* DefaultNewsDatabase.swift in Sources */ = {isa = PBXBuildFile; fileRef = 5F6F7F402F6CB9A0007A6B9B /* DefaultNewsDatabase.swift */; };
		5F6F7F592F6CB9A0007A6B9B /* ArticlesResponse.swift in Sources */ = {isa = PBXBuildFile; fileRef = 5F6F7F4D2F6CB9A0007A6B9B /* ArticlesResponse.swift */; };
		5F6F7F712F6CB9AD007A6B9B /* HttpClientResponse.swift in Sources */ = {isa = PBXBuildFile; fileRef = 5F6F7F622F6CB9AD007A6B9B /* HttpClientResponse.swift */; };
		5F6F7F722F6CB9AD007A6B9B /* HttpClient+Common.swift in Sources */ = {isa = PBXBuildFile; fileRef = 5F6F7F612F6CB9AD007A6B9B /* HttpClient+Common.swift */; };
		5F6F7F732F6CB9AD007A6B9B /* HttpRouter.swift in Sources */ = {isa = PBXBuildFile; fileRef = 5F6F7F652F6CB9AD007A6B9B /* HttpRouter.swift */; };
		5F6F7F742F6CB9AD007A6B9B /* DefaultHttpRouter.swift in Sources */ = {isa = PBXBuildFile; fileRef = 5F6F7F6E2F6CB9AD007A6B9B /* DefaultHttpRouter.swift */; };
		5F6F7F752F6CB9AD007A6B9B /* ErrorModel.swift in Sources */ = {isa = PBXBuildFile; fileRef = 5F6F7F682F6CB9AD007A6B9B /* ErrorModel.swift */; };
		5F6F7F762F6CB9AD007A6B9B /* DefaultSessionDataDelegate.swift in Sources */ = {isa = PBXBuildFile; fileRef = 5F6F7F6D2F6CB9AD007A6B9B /* DefaultSessionDataDelegate.swift */; };
		5F6F7F772F6CB9AD007A6B9B /* Repository.swift in Sources */ = {isa = PBXBuildFile; fileRef = 5F6F7F5E2F6CB9AD007A6B9B /* Repository.swift */; };
		5F6F7F782F6CB9AD007A6B9B /* HttpMethod.swift in Sources */ = {isa = PBXBuildFile; fileRef = 5F6F7F642F6CB9AD007A6B9B /* HttpMethod.swift */; };
		5F6F7F792F6CB9AD007A6B9B /* DefaultRepository.swift in Sources */ = {isa = PBXBuildFile; fileRef = 5F6F7F5B2F6CB9AD007A6B9B /* DefaultRepository.swift */; };
		5F6F7F7A2F6CB9AD007A6B9B /* NoResponse.swift in Sources */ = {isa = PBXBuildFile; fileRef = 5F6F7F5D2F6CB9AD007A6B9B /* NoResponse.swift */; };
		5F6F7F7B2F6CB9AD007A6B9B /* URLRequest+Common.swift in Sources */ = {isa = PBXBuildFile; fileRef = 5F6F7F6A2F6CB9AD007A6B9B /* URLRequest+Common.swift */; };
		5F6F7F7C2F6CB9AD007A6B9B /* DecoderFactory.swift in Sources */ = {isa = PBXBuildFile; fileRef = 5F6F7F692F6CB9AD007A6B9B /* DecoderFactory.swift */; };
		5F6F7F7D2F6CB9AD007A6B9B /* InternetService.swift in Sources */ = {isa = PBXBuildFile; fileRef = 5F6F7F5C2F6CB9AD007A6B9B /* InternetService.swift */; };
		5F6F7F7E2F6CB9AD007A6B9B /* DefaultHttpClient.swift in Sources */ = {isa = PBXBuildFile; fileRef = 5F6F7F6C2F6CB9AD007A6B9B /* DefaultHttpClient.swift */; };
		5F6F7F7F2F6CB9AD007A6B9B /* DefaultInternetService.swift in Sources */ = {isa = PBXBuildFile; fileRef = 5F6F7F5A2F6CB9AD007A6B9B /* DefaultInternetService.swift */; };
		5F6F7F802F6CB9AD007A6B9B /* HttpError.swift in Sources */ = {isa = PBXBuildFile; fileRef = 5F6F7F672F6CB9AD007A6B9B /* HttpError.swift */; };
		5F6F7F812F6CB9AD007A6B9B /* HttpClientResponseRaw.swift in Sources */ = {isa = PBXBuildFile; fileRef = 5F6F7F632F6CB9AD007A6B9B /* HttpClientResponseRaw.swift */; };
		5F6F7F822F6CB9AD007A6B9B /* HttpClient.swift in Sources */ = {isa = PBXBuildFile; fileRef = 5F6F7F602F6CB9AD007A6B9B /* HttpClient.swift */; };
		5F6F7F832F6CB9AD007A6B9B /* ResourceProvider.swift in Sources */ = {isa = PBXBuildFile; fileRef = 5F6F7F5F2F6CB9AD007A6B9B /* ResourceProvider.swift */; };
		5F6F7F842F6CB9AD007A6B9B /* Resource.swift in Sources */ = {isa = PBXBuildFile; fileRef = 5F6F7F662F6CB9AD007A6B9B /* Resource.swift */; };
		5F83D7BF2F8D6CF800E5A14D /* QueriesViewModel.swift in Sources */ = {isa = PBXBuildFile; fileRef = 5F83D7BE2F8D6CF800E5A14D /* QueriesViewModel.swift */; };
		5F83D7C12F8D6D2D00E5A14D /* QueriesViewModelContract.swift in Sources */ = {isa = PBXBuildFile; fileRef = 5F83D7C02F8D6D2D00E5A14D /* QueriesViewModelContract.swift */; };
		5F98FFCA2F6CC02F00D1511F /* PreviewConstants.swift in Sources */ = {isa = PBXBuildFile; fileRef = 5F6F7F862F6CB9BA007A6B9B /* PreviewConstants.swift */; };
		5F98FFCB2F6CC03600D1511F /* PreviewConstants+ArticleEntities.swift in Sources */ = {isa = PBXBuildFile; fileRef = 5F6F7F852F6CB9BA007A6B9B /* PreviewConstants+ArticleEntities.swift */; };
		5F98FFCC2F6CC03C00D1511F /* PreviewConstants+Articles.swift in Sources */ = {isa = PBXBuildFile; fileRef = 5F6F7F872F6CB9BA007A6B9B /* PreviewConstants+Articles.swift */; };
		5F98FFCD2F6CC04400D1511F /* Stub.swift in Sources */ = {isa = PBXBuildFile; fileRef = 5F6F7F892F6CB9BA007A6B9B /* Stub.swift */; };
		5F98FFCE2F6CC04C00D1511F /* ArticleEntity+Stub.swift in Sources */ = {isa = PBXBuildFile; fileRef = 5F6F7F8A2F6CB9BA007A6B9B /* ArticleEntity+Stub.swift */; };
		5FB8F05B2F6CAFAF00A5CC06 /* Assets.xcassets in Resources */ = {isa = PBXBuildFile; fileRef = 5FB8F0572F6CAFAF00A5CC06 /* Assets.xcassets */; };
		5FB8F05C2F6CAFAF00A5CC06 /* ContentView.swift in Sources */ = {isa = PBXBuildFile; fileRef = 5FB8F0582F6CAFAF00A5CC06 /* ContentView.swift */; };
		5FB8F05D2F6CAFAF00A5CC06 /* NewsApp.swift in Sources */ = {isa = PBXBuildFile; fileRef = 5FB8F0592F6CAFAF00A5CC06 /* NewsApp.swift */; };
		5FD07C4F2F7DD3C5009AAF93 /* PreviewInjections.swift in Sources */ = {isa = PBXBuildFile; fileRef = 5FD07C4E2F7DD3C0009AAF93 /* PreviewInjections.swift */; };
		5FD07C542F7DD62D009AAF93 /* NewsApp+Common.swift in Sources */ = {isa = PBXBuildFile; fileRef = 5FD07C532F7DD62D009AAF93 /* NewsApp+Common.swift */; };
		5FF6A61B2F6DB17600D30ED9 /* NewsUITests.swift in Sources */ = {isa = PBXBuildFile; fileRef = 5FF6A6182F6DB17600D30ED9 /* NewsUITests.swift */; };
		5FF6A61C2F6DB17600D30ED9 /* NewsUITestsLaunchTests.swift in Sources */ = {isa = PBXBuildFile; fileRef = 5FF6A6192F6DB17600D30ED9 /* NewsUITestsLaunchTests.swift */; };
		8CF331CA3AA5C99986097970 /* Pods_newsTests.framework in Frameworks */ = {isa = PBXBuildFile; fileRef = 3621C88092B12F85F2404CCF /* Pods_newsTests.framework */; };
/* End PBXBuildFile section */

/* Begin PBXContainerItemProxy section */
		5FB8F0212F6CAE9C00A5CC06 /* PBXContainerItemProxy */ = {
			isa = PBXContainerItemProxy;
			containerPortal = 5FB8F00B2F6CAE9A00A5CC06 /* Project object */;
			proxyType = 1;
			remoteGlobalIDString = 5FB8F0122F6CAE9A00A5CC06;
			remoteInfo = news;
		};
		5FF6A6132F6DB16400D30ED9 /* PBXContainerItemProxy */ = {
			isa = PBXContainerItemProxy;
			containerPortal = 5FB8F00B2F6CAE9A00A5CC06 /* Project object */;
			proxyType = 1;
			remoteGlobalIDString = 5FB8F0122F6CAE9A00A5CC06;
			remoteInfo = news;
		};
/* End PBXContainerItemProxy section */

/* Begin PBXCopyFilesBuildPhase section */
		5FB8F03F2F6CAF2A00A5CC06 /* CopyFiles */ = {
			isa = PBXCopyFilesBuildPhase;
			buildActionMask = 2147483647;
			dstPath = "include/$(PRODUCT_NAME)";
			dstSubfolderSpec = 16;
			files = (
			);
			runOnlyForDeploymentPostprocessing = 0;
		};
/* End PBXCopyFilesBuildPhase section */

/* Begin PBXFileReference section */
		0138F3AE6FC422DB1EF02FC6 /* Pods-news-newsUITests.release.xcconfig */ = {isa = PBXFileReference; includeInIndex = 1; lastKnownFileType = text.xcconfig; name = "Pods-news-newsUITests.release.xcconfig"; path = "Target Support Files/Pods-news-newsUITests/Pods-news-newsUITests.release.xcconfig"; sourceTree = "<group>"; };
		0A51068614D8A6139F76507C /* Pods-news.debug.xcconfig */ = {isa = PBXFileReference; includeInIndex = 1; lastKnownFileType = text.xcconfig; name = "Pods-news.debug.xcconfig"; path = "Target Support Files/Pods-news/Pods-news.debug.xcconfig"; sourceTree = "<group>"; };
		1B9EF25CE0FD692D4E9D0F4F /* Pods-newsTests.release.xcconfig */ = {isa = PBXFileReference; includeInIndex = 1; lastKnownFileType = text.xcconfig; name = "Pods-newsTests.release.xcconfig"; path = "Target Support Files/Pods-newsTests/Pods-newsTests.release.xcconfig"; sourceTree = "<group>"; };
		1C2B6E5A88BBF1812D3F7CDF /* Pods_news_newsUITests.framework */ = {isa = PBXFileReference; explicitFileType = wrapper.framework; includeInIndex = 0; path = Pods_news_newsUITests.framework; sourceTree = BUILT_PRODUCTS_DIR; };
		3621C88092B12F85F2404CCF /* Pods_newsTests.framework */ = {isa = PBXFileReference; explicitFileType = wrapper.framework; includeInIndex = 0; path = Pods_newsTests.framework; sourceTree = BUILT_PRODUCTS_DIR; };
		5F1083782F932AD700C64438 /* QueriesView.swift */ = {isa = PBXFileReference; lastKnownFileType = sourcecode.swift; path = QueriesView.swift; sourceTree = "<group>"; };
		5F10837A2F932B1F00C64438 /* QueriesViewModelPreview.swift */ = {isa = PBXFileReference; lastKnownFileType = sourcecode.swift; path = QueriesViewModelPreview.swift; sourceTree = "<group>"; };
		5F10837C2F932B6F00C64438 /* PreviewConstants+Queries.swift */ = {isa = PBXFileReference; lastKnownFileType = sourcecode.swift; path = "PreviewConstants+Queries.swift"; sourceTree = "<group>"; };
		5F10837F2F93378700C64438 /* QueriesViewModelTests.swift */ = {isa = PBXFileReference; lastKnownFileType = sourcecode.swift; path = QueriesViewModelTests.swift; sourceTree = "<group>"; };
		5F3922592F7B742C00BC9749 /* ArticleView.swift */ = {isa = PBXFileReference; lastKnownFileType = sourcecode.swift; path = ArticleView.swift; sourceTree = "<group>"; };
		5F39225B2F7C179C00BC9749 /* OnlineArticleView.swift */ = {isa = PBXFileReference; lastKnownFileType = sourcecode.swift; path = OnlineArticleView.swift; sourceTree = "<group>"; };
		5F39225D2F7C185100BC9749 /* OfflineArticleView.swift */ = {isa = PBXFileReference; lastKnownFileType = sourcecode.swift; path = OfflineArticleView.swift; sourceTree = "<group>"; };
		5F6F7F102F6CB93B007A6B9B /* DefaultInjections.swift */ = {isa = PBXFileReference; lastKnownFileType = sourcecode.swift; path = DefaultInjections.swift; sourceTree = "<group>"; };
		5F6F7F112F6CB93B007A6B9B /* NewsApi.swift */ = {isa = PBXFileReference; lastKnownFileType = sourcecode.swift; path = NewsApi.swift; sourceTree = "<group>"; };
		5F6F7F132F6CB93B007A6B9B /* Localizable.xcstrings */ = {isa = PBXFileReference; lastKnownFileType = text.json.xcstrings; path = Localizable.xcstrings; sourceTree = "<group>"; };
		5F6F7F152F6CB93B007A6B9B /* String+Common.swift */ = {isa = PBXFileReference; lastKnownFileType = sourcecode.swift; path = "String+Common.swift"; sourceTree = "<group>"; };
		5F6F7F162F6CB93B007A6B9B /* Array+Comon.swift */ = {isa = PBXFileReference; lastKnownFileType = sourcecode.swift; path = "Array+Comon.swift"; sourceTree = "<group>"; };
		5F6F7F172F6CB93B007A6B9B /* ArticleEntity+DateCreated.swift */ = {isa = PBXFileReference; lastKnownFileType = sourcecode.swift; path = "ArticleEntity+DateCreated.swift"; sourceTree = "<group>"; };
		5F6F7F192F6CB93B007A6B9B /* Inject.swift */ = {isa = PBXFileReference; lastKnownFileType = sourcecode.swift; path = Inject.swift; sourceTree = "<group>"; };
		5F6F7F1A2F6CB93B007A6B9B /* Injections.swift */ = {isa = PBXFileReference; lastKnownFileType = sourcecode.swift; path = Injections.swift; sourceTree = "<group>"; };
		5F6F7F1B2F6CB93B007A6B9B /* InjectionProvider.swift */ = {isa = PBXFileReference; lastKnownFileType = sourcecode.swift; path = InjectionProvider.swift; sourceTree = "<group>"; };
		5F6F7F1C2F6CB93B007A6B9B /* InjectionType.swift */ = {isa = PBXFileReference; lastKnownFileType = sourcecode.swift; path = InjectionType.swift; sourceTree = "<group>"; };
		5F6F7F2A2F6CB94F007A6B9B /* Dimensions.swift */ = {isa = PBXFileReference; lastKnownFileType = sourcecode.swift; path = Dimensions.swift; sourceTree = "<group>"; };
		5F6F7F2C2F6CB94F007A6B9B /* ArticlesToolbarModifier.swift */ = {isa = PBXFileReference; lastKnownFileType = sourcecode.swift; path = ArticlesToolbarModifier.swift; sourceTree = "<group>"; };
		5F6F7F2D2F6CB94F007A6B9B /* ArticleCardView.swift */ = {isa = PBXFileReference; lastKnownFileType = sourcecode.swift; path = ArticleCardView.swift; sourceTree = "<group>"; };
		5F6F7F2E2F6CB94F007A6B9B /* ArticlesView.swift */ = {isa = PBXFileReference; lastKnownFileType = sourcecode.swift; path = ArticlesView.swift; sourceTree = "<group>"; };
		5F6F7F2F2F6CB94F007A6B9B /* ProgressBar.swift */ = {isa = PBXFileReference; lastKnownFileType = sourcecode.swift; path = ProgressBar.swift; sourceTree = "<group>"; };
		5F6F7F302F6CB94F007A6B9B /* ArticlesViewModelPreview.swift */ = {isa = PBXFileReference; lastKnownFileType = sourcecode.swift; path = ArticlesViewModelPreview.swift; sourceTree = "<group>"; };
		5F6F7F312F6CB94F007A6B9B /* ArticlesViewModel.swift */ = {isa = PBXFileReference; lastKnownFileType = sourcecode.swift; path = ArticlesViewModel.swift; sourceTree = "<group>"; };
		5F6F7F322F6CB94F007A6B9B /* ArticlesViewModelContract.swift */ = {isa = PBXFileReference; lastKnownFileType = sourcecode.swift; path = ArticlesViewModelContract.swift; sourceTree = "<group>"; };
		5F6F7F3E2F6CB9A0007A6B9B /* ArticleEntityMapper.swift */ = {isa = PBXFileReference; lastKnownFileType = sourcecode.swift; path = ArticleEntityMapper.swift; sourceTree = "<group>"; };
		5F6F7F3F2F6CB9A0007A6B9B /* EntityMapper.swift */ = {isa = PBXFileReference; lastKnownFileType = sourcecode.swift; path = EntityMapper.swift; sourceTree = "<group>"; };
		5F6F7F402F6CB9A0007A6B9B /* DefaultNewsDatabase.swift */ = {isa = PBXFileReference; lastKnownFileType = sourcecode.swift; path = DefaultNewsDatabase.swift; sourceTree = "<group>"; };
		5F6F7F412F6CB9A0007A6B9B /* NewsDatabase.swift */ = {isa = PBXFileReference; lastKnownFileType = sourcecode.swift; path = NewsDatabase.swift; sourceTree = "<group>"; };
		5F6F7F432F6CB9A0007A6B9B /* ArticleEntity.swift */ = {isa = PBXFileReference; lastKnownFileType = sourcecode.swift; path = ArticleEntity.swift; sourceTree = "<group>"; };
		5F6F7F442F6CB9A0007A6B9B /* QueryArticleEntity.swift */ = {isa = PBXFileReference; lastKnownFileType = sourcecode.swift; path = QueryArticleEntity.swift; sourceTree = "<group>"; };
		5F6F7F452F6CB9A0007A6B9B /* QueryEntity.swift */ = {isa = PBXFileReference; lastKnownFileType = sourcecode.swift; path = QueryEntity.swift; sourceTree = "<group>"; };
		5F6F7F482F6CB9A0007A6B9B /* Constants.swift */ = {isa = PBXFileReference; lastKnownFileType = sourcecode.swift; path = Constants.swift; sourceTree = "<group>"; };
		5F6F7F492F6CB9A0007A6B9B /* Log.swift */ = {isa = PBXFileReference; lastKnownFileType = sourcecode.swift; path = Log.swift; sourceTree = "<group>"; };
		5F6F7F4A2F6CB9A0007A6B9B /* Articles+Log.swift */ = {isa = PBXFileReference; lastKnownFileType = sourcecode.swift; path = "Articles+Log.swift"; sourceTree = "<group>"; };
		5F6F7F4C2F6CB9A0007A6B9B /* Article.swift */ = {isa = PBXFileReference; lastKnownFileType = sourcecode.swift; path = Article.swift; sourceTree = "<group>"; };
		5F6F7F4D2F6CB9A0007A6B9B /* ArticlesResponse.swift */ = {isa = PBXFileReference; lastKnownFileType = sourcecode.swift; path = ArticlesResponse.swift; sourceTree = "<group>"; };
		5F6F7F5A2F6CB9AD007A6B9B /* DefaultInternetService.swift */ = {isa = PBXFileReference; lastKnownFileType = sourcecode.swift; path = DefaultInternetService.swift; sourceTree = "<group>"; };
		5F6F7F5B2F6CB9AD007A6B9B /* DefaultRepository.swift */ = {isa = PBXFileReference; lastKnownFileType = sourcecode.swift; path = DefaultRepository.swift; sourceTree = "<group>"; };
		5F6F7F5C2F6CB9AD007A6B9B /* InternetService.swift */ = {isa = PBXFileReference; lastKnownFileType = sourcecode.swift; path = InternetService.swift; sourceTree = "<group>"; };
		5F6F7F5D2F6CB9AD007A6B9B /* NoResponse.swift */ = {isa = PBXFileReference; lastKnownFileType = sourcecode.swift; path = NoResponse.swift; sourceTree = "<group>"; };
		5F6F7F5E2F6CB9AD007A6B9B /* Repository.swift */ = {isa = PBXFileReference; lastKnownFileType = sourcecode.swift; path = Repository.swift; sourceTree = "<group>"; };
		5F6F7F5F2F6CB9AD007A6B9B /* ResourceProvider.swift */ = {isa = PBXFileReference; lastKnownFileType = sourcecode.swift; path = ResourceProvider.swift; sourceTree = "<group>"; };
		5F6F7F602F6CB9AD007A6B9B /* HttpClient.swift */ = {isa = PBXFileReference; lastKnownFileType = sourcecode.swift; path = HttpClient.swift; sourceTree = "<group>"; };
		5F6F7F612F6CB9AD007A6B9B /* HttpClient+Common.swift */ = {isa = PBXFileReference; lastKnownFileType = sourcecode.swift; path = "HttpClient+Common.swift"; sourceTree = "<group>"; };
		5F6F7F622F6CB9AD007A6B9B /* HttpClientResponse.swift */ = {isa = PBXFileReference; lastKnownFileType = sourcecode.swift; path = HttpClientResponse.swift; sourceTree = "<group>"; };
		5F6F7F632F6CB9AD007A6B9B /* HttpClientResponseRaw.swift */ = {isa = PBXFileReference; lastKnownFileType = sourcecode.swift; path = HttpClientResponseRaw.swift; sourceTree = "<group>"; };
		5F6F7F642F6CB9AD007A6B9B /* HttpMethod.swift */ = {isa = PBXFileReference; lastKnownFileType = sourcecode.swift; path = HttpMethod.swift; sourceTree = "<group>"; };
		5F6F7F652F6CB9AD007A6B9B /* HttpRouter.swift */ = {isa = PBXFileReference; lastKnownFileType = sourcecode.swift; path = HttpRouter.swift; sourceTree = "<group>"; };
		5F6F7F662F6CB9AD007A6B9B /* Resource.swift */ = {isa = PBXFileReference; lastKnownFileType = sourcecode.swift; path = Resource.swift; sourceTree = "<group>"; };
		5F6F7F672F6CB9AD007A6B9B /* HttpError.swift */ = {isa = PBXFileReference; lastKnownFileType = sourcecode.swift; path = HttpError.swift; sourceTree = "<group>"; };
		5F6F7F682F6CB9AD007A6B9B /* ErrorModel.swift */ = {isa = PBXFileReference; lastKnownFileType = sourcecode.swift; path = ErrorModel.swift; sourceTree = "<group>"; };
		5F6F7F692F6CB9AD007A6B9B /* DecoderFactory.swift */ = {isa = PBXFileReference; lastKnownFileType = sourcecode.swift; path = DecoderFactory.swift; sourceTree = "<group>"; };
		5F6F7F6A2F6CB9AD007A6B9B /* URLRequest+Common.swift */ = {isa = PBXFileReference; lastKnownFileType = sourcecode.swift; path = "URLRequest+Common.swift"; sourceTree = "<group>"; };
		5F6F7F6C2F6CB9AD007A6B9B /* DefaultHttpClient.swift */ = {isa = PBXFileReference; lastKnownFileType = sourcecode.swift; path = DefaultHttpClient.swift; sourceTree = "<group>"; };
		5F6F7F6D2F6CB9AD007A6B9B /* DefaultSessionDataDelegate.swift */ = {isa = PBXFileReference; lastKnownFileType = sourcecode.swift; path = DefaultSessionDataDelegate.swift; sourceTree = "<group>"; };
		5F6F7F6E2F6CB9AD007A6B9B /* DefaultHttpRouter.swift */ = {isa = PBXFileReference; lastKnownFileType = sourcecode.swift; path = DefaultHttpRouter.swift; sourceTree = "<group>"; };
		5F6F7F852F6CB9BA007A6B9B /* PreviewConstants+ArticleEntities.swift */ = {isa = PBXFileReference; lastKnownFileType = sourcecode.swift; path = "PreviewConstants+ArticleEntities.swift"; sourceTree = "<group>"; };
		5F6F7F862F6CB9BA007A6B9B /* PreviewConstants.swift */ = {isa = PBXFileReference; lastKnownFileType = sourcecode.swift; path = PreviewConstants.swift; sourceTree = "<group>"; };
		5F6F7F872F6CB9BA007A6B9B /* PreviewConstants+Articles.swift */ = {isa = PBXFileReference; lastKnownFileType = sourcecode.swift; path = "PreviewConstants+Articles.swift"; sourceTree = "<group>"; };
		5F6F7F892F6CB9BA007A6B9B /* Stub.swift */ = {isa = PBXFileReference; lastKnownFileType = sourcecode.swift; path = Stub.swift; sourceTree = "<group>"; };
		5F6F7F8A2F6CB9BA007A6B9B /* ArticleEntity+Stub.swift */ = {isa = PBXFileReference; lastKnownFileType = sourcecode.swift; path = "ArticleEntity+Stub.swift"; sourceTree = "<group>"; };
		5F6F7F912F6CB9D8007A6B9B /* Asyncstream+Common.swift */ = {isa = PBXFileReference; lastKnownFileType = sourcecode.swift; path = "Asyncstream+Common.swift"; sourceTree = "<group>"; };
		5F6F7F922F6CB9D8007A6B9B /* HttpClientResponseRaw+Common.swift */ = {isa = PBXFileReference; lastKnownFileType = sourcecode.swift; path = "HttpClientResponseRaw+Common.swift"; sourceTree = "<group>"; };
		5F6F7F932F6CB9D8007A6B9B /* ArticleEntity+Common.swift */ = {isa = PBXFileReference; lastKnownFileType = sourcecode.swift; path = "ArticleEntity+Common.swift"; sourceTree = "<group>"; };
		5F6F7F952F6CB9D8007A6B9B /* MockInternetService.swift */ = {isa = PBXFileReference; lastKnownFileType = sourcecode.swift; path = MockInternetService.swift; sourceTree = "<group>"; };
		5F6F7F962F6CB9D8007A6B9B /* MockHttpClient.swift */ = {isa = PBXFileReference; lastKnownFileType = sourcecode.swift; path = MockHttpClient.swift; sourceTree = "<group>"; };
		5F6F7F972F6CB9D8007A6B9B /* MockRepository.swift */ = {isa = PBXFileReference; lastKnownFileType = sourcecode.swift; path = MockRepository.swift; sourceTree = "<group>"; };
		5F6F7F982F6CB9D8007A6B9B /* MockNewsDatabase.swift */ = {isa = PBXFileReference; lastKnownFileType = sourcecode.swift; path = MockNewsDatabase.swift; sourceTree = "<group>"; };
		5F6F7F9A2F6CB9D8007A6B9B /* HttpClientTest.swift */ = {isa = PBXFileReference; lastKnownFileType = sourcecode.swift; path = HttpClientTest.swift; sourceTree = "<group>"; };
		5F6F7F9B2F6CB9D8007A6B9B /* RepositoryTests.swift */ = {isa = PBXFileReference; lastKnownFileType = sourcecode.swift; path = RepositoryTests.swift; sourceTree = "<group>"; };
		5F6F7F9C2F6CB9D8007A6B9B /* ArticlesViewModelTest.swift */ = {isa = PBXFileReference; lastKnownFileType = sourcecode.swift; path = ArticlesViewModelTest.swift; sourceTree = "<group>"; };
		5F83D7BE2F8D6CF800E5A14D /* QueriesViewModel.swift */ = {isa = PBXFileReference; lastKnownFileType = sourcecode.swift; path = QueriesViewModel.swift; sourceTree = "<group>"; };
		5F83D7C02F8D6D2D00E5A14D /* QueriesViewModelContract.swift */ = {isa = PBXFileReference; lastKnownFileType = sourcecode.swift; path = QueriesViewModelContract.swift; sourceTree = "<group>"; };
		5FB8F0132F6CAE9A00A5CC06 /* news.app */ = {isa = PBXFileReference; explicitFileType = wrapper.application; includeInIndex = 0; path = news.app; sourceTree = BUILT_PRODUCTS_DIR; };
		5FB8F0202F6CAE9C00A5CC06 /* newsTests.xctest */ = {isa = PBXFileReference; explicitFileType = wrapper.cfbundle; includeInIndex = 0; path = newsTests.xctest; sourceTree = BUILT_PRODUCTS_DIR; };
		5FB8F0412F6CAF2A00A5CC06 /* libnewsShared.a */ = {isa = PBXFileReference; explicitFileType = archive.ar; includeInIndex = 0; path = libnewsShared.a; sourceTree = BUILT_PRODUCTS_DIR; };
		5FB8F0572F6CAFAF00A5CC06 /* Assets.xcassets */ = {isa = PBXFileReference; lastKnownFileType = folder.assetcatalog; path = Assets.xcassets; sourceTree = "<group>"; };
		5FB8F0582F6CAFAF00A5CC06 /* ContentView.swift */ = {isa = PBXFileReference; lastKnownFileType = sourcecode.swift; path = ContentView.swift; sourceTree = "<group>"; };
		5FB8F0592F6CAFAF00A5CC06 /* NewsApp.swift */ = {isa = PBXFileReference; lastKnownFileType = sourcecode.swift; path = NewsApp.swift; sourceTree = "<group>"; };
		5FD07C4E2F7DD3C0009AAF93 /* PreviewInjections.swift */ = {isa = PBXFileReference; lastKnownFileType = sourcecode.swift; path = PreviewInjections.swift; sourceTree = "<group>"; };
		5FD07C532F7DD62D009AAF93 /* NewsApp+Common.swift */ = {isa = PBXFileReference; lastKnownFileType = sourcecode.swift; path = "NewsApp+Common.swift"; sourceTree = "<group>"; };
		5FF6A60D2F6DB16400D30ED9 /* newsUITests.xctest */ = {isa = PBXFileReference; explicitFileType = wrapper.cfbundle; includeInIndex = 0; path = newsUITests.xctest; sourceTree = BUILT_PRODUCTS_DIR; };
		5FF6A6182F6DB17600D30ED9 /* NewsUITests.swift */ = {isa = PBXFileReference; lastKnownFileType = sourcecode.swift; path = NewsUITests.swift; sourceTree = "<group>"; };
		5FF6A6192F6DB17600D30ED9 /* NewsUITestsLaunchTests.swift */ = {isa = PBXFileReference; lastKnownFileType = sourcecode.swift; path = NewsUITestsLaunchTests.swift; sourceTree = "<group>"; };
		85EB02D537CA92F6A6D7E79E /* Pods-newsTests.debug.xcconfig */ = {isa = PBXFileReference; includeInIndex = 1; lastKnownFileType = text.xcconfig; name = "Pods-newsTests.debug.xcconfig"; path = "Target Support Files/Pods-newsTests/Pods-newsTests.debug.xcconfig"; sourceTree = "<group>"; };
		D2B1E3A198C2F41E0913E06B /* Pods-news-newsUITests.debug.xcconfig */ = {isa = PBXFileReference; includeInIndex = 1; lastKnownFileType = text.xcconfig; name = "Pods-news-newsUITests.debug.xcconfig"; path = "Target Support Files/Pods-news-newsUITests/Pods-news-newsUITests.debug.xcconfig"; sourceTree = "<group>"; };
		D9A9E89BF9808679ADFF585B /* Pods-news.release.xcconfig */ = {isa = PBXFileReference; includeInIndex = 1; lastKnownFileType = text.xcconfig; name = "Pods-news.release.xcconfig"; path = "Target Support Files/Pods-news/Pods-news.release.xcconfig"; sourceTree = "<group>"; };
		E153CA2F955F3D1D71CB7715 /* Pods_news.framework */ = {isa = PBXFileReference; explicitFileType = wrapper.framework; includeInIndex = 0; path = Pods_news.framework; sourceTree = BUILT_PRODUCTS_DIR; };
/* End PBXFileReference section */

/* Begin PBXFrameworksBuildPhase section */
		5FB8F0102F6CAE9A00A5CC06 /* Frameworks */ = {
			isa = PBXFrameworksBuildPhase;
			buildActionMask = 2147483647;
			files = (
				4AB5088C5B913F46053FE7DA /* Pods_news.framework in Frameworks */,
			);
			runOnlyForDeploymentPostprocessing = 0;
		};
		5FB8F01D2F6CAE9C00A5CC06 /* Frameworks */ = {
			isa = PBXFrameworksBuildPhase;
			buildActionMask = 2147483647;
			files = (
				8CF331CA3AA5C99986097970 /* Pods_newsTests.framework in Frameworks */,
			);
			runOnlyForDeploymentPostprocessing = 0;
		};
		5FB8F03E2F6CAF2A00A5CC06 /* Frameworks */ = {
			isa = PBXFrameworksBuildPhase;
			buildActionMask = 2147483647;
			files = (
			);
			runOnlyForDeploymentPostprocessing = 0;
		};
		5FF6A60A2F6DB16400D30ED9 /* Frameworks */ = {
			isa = PBXFrameworksBuildPhase;
			buildActionMask = 2147483647;
			files = (
			);
			runOnlyForDeploymentPostprocessing = 0;
		};
/* End PBXFrameworksBuildPhase section */

/* Begin PBXGroup section */
		432B09E3EF7321B618959379 /* Pods */ = {
			isa = PBXGroup;
			children = (
				0A51068614D8A6139F76507C /* Pods-news.debug.xcconfig */,
				D9A9E89BF9808679ADFF585B /* Pods-news.release.xcconfig */,
				D2B1E3A198C2F41E0913E06B /* Pods-news-newsUITests.debug.xcconfig */,
				0138F3AE6FC422DB1EF02FC6 /* Pods-news-newsUITests.release.xcconfig */,
				85EB02D537CA92F6A6D7E79E /* Pods-newsTests.debug.xcconfig */,
				1B9EF25CE0FD692D4E9D0F4F /* Pods-newsTests.release.xcconfig */,
			);
			path = Pods;
			sourceTree = "<group>";
		};
		5F3922582F7B741100BC9749 /* article */ = {
			isa = PBXGroup;
			children = (
				5F3922592F7B742C00BC9749 /* ArticleView.swift */,
				5F39225D2F7C185100BC9749 /* OfflineArticleView.swift */,
				5F39225B2F7C179C00BC9749 /* OnlineArticleView.swift */,
			);
			path = article;
			sourceTree = "<group>";
		};
		5F6F7F0F2F6CB920007A6B9B /* views */ = {
			isa = PBXGroup;
			children = (
				5FB8F0582F6CAFAF00A5CC06 /* ContentView.swift */,
				5F3922582F7B741100BC9749 /* article */,
				5F6F7F342F6CB94F007A6B9B /* articles */,
				5F83D7BC2F8D6CC800E5A14D /* queries */,
				5F6F7F2B2F6CB94F007A6B9B /* viewComponents */,
			);
			path = views;
			sourceTree = "<group>";
		};
		5F6F7F122F6CB93B007A6B9B /* constants */ = {
			isa = PBXGroup;
			children = (
				5FD07C4E2F7DD3C0009AAF93 /* PreviewInjections.swift */,
				5F6F7F102F6CB93B007A6B9B /* DefaultInjections.swift */,
				5F6F7F112F6CB93B007A6B9B /* NewsApi.swift */,
			);
			path = constants;
			sourceTree = "<group>";
		};
		5F6F7F142F6CB93B007A6B9B /* localization */ = {
			isa = PBXGroup;
			children = (
				5F6F7F132F6CB93B007A6B9B /* Localizable.xcstrings */,
			);
			path = localization;
			sourceTree = "<group>";
		};
		5F6F7F182F6CB93B007A6B9B /* extensions */ = {
			isa = PBXGroup;
			children = (
				5F6F7F152F6CB93B007A6B9B /* String+Common.swift */,
				5F6F7F162F6CB93B007A6B9B /* Array+Comon.swift */,
				5F6F7F172F6CB93B007A6B9B /* ArticleEntity+DateCreated.swift */,
			);
			path = extensions;
			sourceTree = "<group>";
		};
		5F6F7F1D2F6CB93B007A6B9B /* dependencyInjection */ = {
			isa = PBXGroup;
			children = (
				5F6F7F192F6CB93B007A6B9B /* Inject.swift */,
				5F6F7F1A2F6CB93B007A6B9B /* Injections.swift */,
				5F6F7F1B2F6CB93B007A6B9B /* InjectionProvider.swift */,
				5F6F7F1C2F6CB93B007A6B9B /* InjectionType.swift */,
			);
			path = dependencyInjection;
			sourceTree = "<group>";
		};
		5F6F7F1E2F6CB93B007A6B9B /* utils */ = {
			isa = PBXGroup;
			children = (
				5F6F7F182F6CB93B007A6B9B /* extensions */,
				5F6F7F1D2F6CB93B007A6B9B /* dependencyInjection */,
			);
			path = utils;
			sourceTree = "<group>";
		};
		5F6F7F2B2F6CB94F007A6B9B /* viewComponents */ = {
			isa = PBXGroup;
			children = (
				5F6F7F2A2F6CB94F007A6B9B /* Dimensions.swift */,
			);
			path = viewComponents;
			sourceTree = "<group>";
		};
		5F6F7F332F6CB94F007A6B9B /* vm */ = {
			isa = PBXGroup;
			children = (
				5F6F7F312F6CB94F007A6B9B /* ArticlesViewModel.swift */,
				5F6F7F322F6CB94F007A6B9B /* ArticlesViewModelContract.swift */,
				5F6F7F302F6CB94F007A6B9B /* ArticlesViewModelPreview.swift */,
				5F6F7F2F2F6CB94F007A6B9B /* ProgressBar.swift */,
			);
			path = vm;
			sourceTree = "<group>";
		};
		5F6F7F342F6CB94F007A6B9B /* articles */ = {
			isa = PBXGroup;
			children = (
				5F6F7F2D2F6CB94F007A6B9B /* ArticleCardView.swift */,
				5F6F7F2C2F6CB94F007A6B9B /* ArticlesToolbarModifier.swift */,
				5F6F7F2E2F6CB94F007A6B9B /* ArticlesView.swift */,
				5F6F7F332F6CB94F007A6B9B /* vm */,
			);
			path = articles;
			sourceTree = "<group>";
		};
		5F6F7F422F6CB9A0007A6B9B /* database */ = {
			isa = PBXGroup;
			children = (
				5F6F7F402F6CB9A0007A6B9B /* DefaultNewsDatabase.swift */,
				5F6F7F412F6CB9A0007A6B9B /* NewsDatabase.swift */,
			);
			path = database;
			sourceTree = "<group>";
		};
		5F6F7F462F6CB9A0007A6B9B /* entities */ = {
			isa = PBXGroup;
			children = (
				5F6F7F432F6CB9A0007A6B9B /* ArticleEntity.swift */,
				5F6F7F442F6CB9A0007A6B9B /* QueryArticleEntity.swift */,
				5F6F7F452F6CB9A0007A6B9B /* QueryEntity.swift */,
			);
			path = entities;
			sourceTree = "<group>";
		};
		5F6F7F472F6CB9A0007A6B9B /* cache */ = {
			isa = PBXGroup;
			children = (
				5F6F7F3E2F6CB9A0007A6B9B /* ArticleEntityMapper.swift */,
				5F6F7F3F2F6CB9A0007A6B9B /* EntityMapper.swift */,
				5F6F7F422F6CB9A0007A6B9B /* database */,
				5F6F7F462F6CB9A0007A6B9B /* entities */,
			);
			path = cache;
			sourceTree = "<group>";
		};
		5F6F7F4B2F6CB9A0007A6B9B /* util */ = {
			isa = PBXGroup;
			children = (
				5F6F7F482F6CB9A0007A6B9B /* Constants.swift */,
				5F6F7F492F6CB9A0007A6B9B /* Log.swift */,
				5F6F7F4A2F6CB9A0007A6B9B /* Articles+Log.swift */,
			);
			path = util;
			sourceTree = "<group>";
		};
		5F6F7F6B2F6CB9AD007A6B9B /* http */ = {
			isa = PBXGroup;
			children = (
				5F6F7F602F6CB9AD007A6B9B /* HttpClient.swift */,
				5F6F7F612F6CB9AD007A6B9B /* HttpClient+Common.swift */,
				5F6F7F622F6CB9AD007A6B9B /* HttpClientResponse.swift */,
				5F6F7F632F6CB9AD007A6B9B /* HttpClientResponseRaw.swift */,
				5F6F7F642F6CB9AD007A6B9B /* HttpMethod.swift */,
				5F6F7F652F6CB9AD007A6B9B /* HttpRouter.swift */,
				5F6F7F662F6CB9AD007A6B9B /* Resource.swift */,
				5F6F7F672F6CB9AD007A6B9B /* HttpError.swift */,
				5F6F7F682F6CB9AD007A6B9B /* ErrorModel.swift */,
				5F6F7F692F6CB9AD007A6B9B /* DecoderFactory.swift */,
				5F6F7F6A2F6CB9AD007A6B9B /* URLRequest+Common.swift */,
			);
			path = http;
			sourceTree = "<group>";
		};
		5F6F7F6F2F6CB9AD007A6B9B /* defaultHttp */ = {
			isa = PBXGroup;
			children = (
				5F6F7F6C2F6CB9AD007A6B9B /* DefaultHttpClient.swift */,
				5F6F7F6D2F6CB9AD007A6B9B /* DefaultSessionDataDelegate.swift */,
				5F6F7F6E2F6CB9AD007A6B9B /* DefaultHttpRouter.swift */,
			);
			path = defaultHttp;
			sourceTree = "<group>";
		};
		5F6F7F702F6CB9AD007A6B9B /* api */ = {
			isa = PBXGroup;
			children = (
				5F6F7F6B2F6CB9AD007A6B9B /* http */,
				5F6F7F6F2F6CB9AD007A6B9B /* defaultHttp */,
			);
			path = api;
			sourceTree = "<group>";
		};
		5F6F7F882F6CB9BA007A6B9B /* constants */ = {
			isa = PBXGroup;
			children = (
				5F6F7F862F6CB9BA007A6B9B /* PreviewConstants.swift */,
				5F6F7F852F6CB9BA007A6B9B /* PreviewConstants+ArticleEntities.swift */,
				5F6F7F872F6CB9BA007A6B9B /* PreviewConstants+Articles.swift */,
				5F10837C2F932B6F00C64438 /* PreviewConstants+Queries.swift */,
			);
			path = constants;
			sourceTree = "<group>";
		};
		5F6F7F8B2F6CB9BA007A6B9B /* stubs */ = {
			isa = PBXGroup;
			children = (
				5F6F7F892F6CB9BA007A6B9B /* Stub.swift */,
				5F6F7F8A2F6CB9BA007A6B9B /* ArticleEntity+Stub.swift */,
			);
			path = stubs;
			sourceTree = "<group>";
		};
		5F6F7F942F6CB9D8007A6B9B /* utils */ = {
			isa = PBXGroup;
			children = (
				5F6F7F912F6CB9D8007A6B9B /* Asyncstream+Common.swift */,
				5F6F7F922F6CB9D8007A6B9B /* HttpClientResponseRaw+Common.swift */,
				5F6F7F932F6CB9D8007A6B9B /* ArticleEntity+Common.swift */,
			);
			path = utils;
			sourceTree = "<group>";
		};
		5F6F7F992F6CB9D8007A6B9B /* mocks */ = {
			isa = PBXGroup;
			children = (
				5F6F7F952F6CB9D8007A6B9B /* MockInternetService.swift */,
				5F6F7F962F6CB9D8007A6B9B /* MockHttpClient.swift */,
				5F6F7F972F6CB9D8007A6B9B /* MockRepository.swift */,
				5F6F7F982F6CB9D8007A6B9B /* MockNewsDatabase.swift */,
			);
			path = mocks;
			sourceTree = "<group>";
		};
		5F83D7BC2F8D6CC800E5A14D /* queries */ = {
			isa = PBXGroup;
			children = (
				5F83D7BD2F8D6CE100E5A14D /* vm */,
				5F1083782F932AD700C64438 /* QueriesView.swift */,
			);
			path = queries;
			sourceTree = "<group>";
		};
		5F83D7BD2F8D6CE100E5A14D /* vm */ = {
			isa = PBXGroup;
			children = (
				5F83D7BE2F8D6CF800E5A14D /* QueriesViewModel.swift */,
				5F83D7C02F8D6D2D00E5A14D /* QueriesViewModelContract.swift */,
				5F10837A2F932B1F00C64438 /* QueriesViewModelPreview.swift */,
			);
			path = vm;
			sourceTree = "<group>";
		};
		5FB8F00A2F6CAE9A00A5CC06 = {
			isa = PBXGroup;
			children = (
				5FB8F05A2F6CAFAF00A5CC06 /* news */,
				5FB8F0672F6CAFCD00A5CC06 /* newsShared */,
				5FB8F05F2F6CAFC100A5CC06 /* newsTests */,
				5FF6A61A2F6DB17600D30ED9 /* newsUITests */,
				63EEF46A6C007126B5F0BB2A /* Frameworks */,
				432B09E3EF7321B618959379 /* Pods */,
				5FB8F0142F6CAE9A00A5CC06 /* Products */,
			);
			sourceTree = "<group>";
		};
		5FB8F0142F6CAE9A00A5CC06 /* Products */ = {
			isa = PBXGroup;
			children = (
				5FB8F0132F6CAE9A00A5CC06 /* news.app */,
				5FB8F0202F6CAE9C00A5CC06 /* newsTests.xctest */,
				5FB8F0412F6CAF2A00A5CC06 /* libnewsShared.a */,
				5FF6A60D2F6DB16400D30ED9 /* newsUITests.xctest */,
			);
			name = Products;
			sourceTree = "<group>";
		};
		5FB8F05A2F6CAFAF00A5CC06 /* news */ = {
			isa = PBXGroup;
			children = (
				5FB8F0572F6CAFAF00A5CC06 /* Assets.xcassets */,
				5FB8F0692F6CAFDE00A5CC06 /* app */,
				5FB8F06A2F6CAFEB00A5CC06 /* data */,
				5FB8F06B2F6CAFF600A5CC06 /* network */,
			);
			path = news;
			sourceTree = "<group>";
		};
		5FB8F05F2F6CAFC100A5CC06 /* newsTests */ = {
			isa = PBXGroup;
			children = (
				5F6F7F942F6CB9D8007A6B9B /* utils */,
				5F6F7F992F6CB9D8007A6B9B /* mocks */,
				5F6F7F9A2F6CB9D8007A6B9B /* HttpClientTest.swift */,
				5F6F7F9B2F6CB9D8007A6B9B /* RepositoryTests.swift */,
				5F6F7F9C2F6CB9D8007A6B9B /* ArticlesViewModelTest.swift */,
				5F10837F2F93378700C64438 /* QueriesViewModelTests.swift */,
			);
			path = newsTests;
			sourceTree = "<group>";
		};
		5FB8F0672F6CAFCD00A5CC06 /* newsShared */ = {
			isa = PBXGroup;
			children = (
				5F6F7F882F6CB9BA007A6B9B /* constants */,
				5F6F7F8B2F6CB9BA007A6B9B /* stubs */,
			);
			path = newsShared;
			sourceTree = "<group>";
		};
		5FB8F0692F6CAFDE00A5CC06 /* app */ = {
			isa = PBXGroup;
			children = (
				5FB8F0592F6CAFAF00A5CC06 /* NewsApp.swift */,
				5FD07C532F7DD62D009AAF93 /* NewsApp+Common.swift */,
				5F6F7F122F6CB93B007A6B9B /* constants */,
				5F6F7F142F6CB93B007A6B9B /* localization */,
				5F6F7F1E2F6CB93B007A6B9B /* utils */,
				5F6F7F0F2F6CB920007A6B9B /* views */,
			);
			path = app;
			sourceTree = "<group>";
		};
		5FB8F06A2F6CAFEB00A5CC06 /* data */ = {
			isa = PBXGroup;
			children = (
				5F6F7F472F6CB9A0007A6B9B /* cache */,
				5F6F7F4B2F6CB9A0007A6B9B /* util */,
				5F6F7F4C2F6CB9A0007A6B9B /* Article.swift */,
				5F6F7F4D2F6CB9A0007A6B9B /* ArticlesResponse.swift */,
			);
			path = data;
			sourceTree = "<group>";
		};
		5FB8F06B2F6CAFF600A5CC06 /* network */ = {
			isa = PBXGroup;
			children = (
				5F6F7F5A2F6CB9AD007A6B9B /* DefaultInternetService.swift */,
				5F6F7F5B2F6CB9AD007A6B9B /* DefaultRepository.swift */,
				5F6F7F5C2F6CB9AD007A6B9B /* InternetService.swift */,
				5F6F7F5D2F6CB9AD007A6B9B /* NoResponse.swift */,
				5F6F7F5E2F6CB9AD007A6B9B /* Repository.swift */,
				5F6F7F5F2F6CB9AD007A6B9B /* ResourceProvider.swift */,
				5F6F7F702F6CB9AD007A6B9B /* api */,
			);
			path = network;
			sourceTree = "<group>";
		};
		5FF6A61A2F6DB17600D30ED9 /* newsUITests */ = {
			isa = PBXGroup;
			children = (
				5FF6A6182F6DB17600D30ED9 /* NewsUITests.swift */,
				5FF6A6192F6DB17600D30ED9 /* NewsUITestsLaunchTests.swift */,
			);
			path = newsUITests;
			sourceTree = "<group>";
		};
		63EEF46A6C007126B5F0BB2A /* Frameworks */ = {
			isa = PBXGroup;
			children = (
				E153CA2F955F3D1D71CB7715 /* Pods_news.framework */,
				1C2B6E5A88BBF1812D3F7CDF /* Pods_news_newsUITests.framework */,
				3621C88092B12F85F2404CCF /* Pods_newsTests.framework */,
			);
			name = Frameworks;
			sourceTree = "<group>";
		};
/* End PBXGroup section */

/* Begin PBXNativeTarget section */
		5FB8F0122F6CAE9A00A5CC06 /* news */ = {
			isa = PBXNativeTarget;
			buildConfigurationList = 5FB8F0342F6CAE9C00A5CC06 /* Build configuration list for PBXNativeTarget "news" */;
			buildPhases = (
				4499ABDD96A7CE649C00F850 /* [CP] Check Pods Manifest.lock */,
				5FB8F00F2F6CAE9A00A5CC06 /* Sources */,
				5FB8F0102F6CAE9A00A5CC06 /* Frameworks */,
				5FB8F0112F6CAE9A00A5CC06 /* Resources */,
				FA72D56B1762A7F1B7FE2CEF /* [CP] Embed Pods Frameworks */,
			);
			buildRules = (
			);
			dependencies = (
			);
			name = news;
			productName = news;
			productReference = 5FB8F0132F6CAE9A00A5CC06 /* news.app */;
			productType = "com.apple.product-type.application";
		};
		5FB8F01F2F6CAE9C00A5CC06 /* newsTests */ = {
			isa = PBXNativeTarget;
			buildConfigurationList = 5FB8F0372F6CAE9C00A5CC06 /* Build configuration list for PBXNativeTarget "newsTests" */;
			buildPhases = (
				F9270D3BC3CC62EEFEF35DA4 /* [CP] Check Pods Manifest.lock */,
				5FB8F01C2F6CAE9C00A5CC06 /* Sources */,
				5FB8F01D2F6CAE9C00A5CC06 /* Frameworks */,
				5FB8F01E2F6CAE9C00A5CC06 /* Resources */,
			);
			buildRules = (
			);
			dependencies = (
				5FB8F0222F6CAE9C00A5CC06 /* PBXTargetDependency */,
			);
			name = newsTests;
			productName = newsTests;
			productReference = 5FB8F0202F6CAE9C00A5CC06 /* newsTests.xctest */;
			productType = "com.apple.product-type.bundle.unit-test";
		};
		5FB8F0402F6CAF2A00A5CC06 /* newsShared */ = {
			isa = PBXNativeTarget;
			buildConfigurationList = 5FB8F0452F6CAF2A00A5CC06 /* Build configuration list for PBXNativeTarget "newsShared" */;
			buildPhases = (
				5FB8F03D2F6CAF2A00A5CC06 /* Sources */,
				5FB8F03E2F6CAF2A00A5CC06 /* Frameworks */,
				5FB8F03F2F6CAF2A00A5CC06 /* CopyFiles */,
			);
			buildRules = (
			);
			dependencies = (
			);
			name = newsShared;
			productName = newsShared;
			productReference = 5FB8F0412F6CAF2A00A5CC06 /* libnewsShared.a */;
			productType = "com.apple.product-type.library.static";
		};
		5FF6A60C2F6DB16400D30ED9 /* newsUITests */ = {
			isa = PBXNativeTarget;
			buildConfigurationList = 5FF6A6152F6DB16400D30ED9 /* Build configuration list for PBXNativeTarget "newsUITests" */;
			buildPhases = (
				5FF6A6092F6DB16400D30ED9 /* Sources */,
				5FF6A60A2F6DB16400D30ED9 /* Frameworks */,
				5FF6A60B2F6DB16400D30ED9 /* Resources */,
			);
			buildRules = (
			);
			dependencies = (
				5FF6A6142F6DB16400D30ED9 /* PBXTargetDependency */,
			);
			name = newsUITests;
			packageProductDependencies = (
			);
			productName = newsUITests;
			productReference = 5FF6A60D2F6DB16400D30ED9 /* newsUITests.xctest */;
			productType = "com.apple.product-type.bundle.ui-testing";
		};
/* End PBXNativeTarget section */

/* Begin PBXProject section */
		5FB8F00B2F6CAE9A00A5CC06 /* Project object */ = {
			isa = PBXProject;
			attributes = {
				BuildIndependentTargetsInParallel = 1;
				LastSwiftUpdateCheck = 2620;
				LastUpgradeCheck = 2620;
				TargetAttributes = {
					5FB8F0122F6CAE9A00A5CC06 = {
						CreatedOnToolsVersion = 26.2;
					};
					5FB8F01F2F6CAE9C00A5CC06 = {
						CreatedOnToolsVersion = 26.2;
						TestTargetID = 5FB8F0122F6CAE9A00A5CC06;
					};
					5FB8F0402F6CAF2A00A5CC06 = {
						CreatedOnToolsVersion = 26.2;
						LastSwiftMigration = 2620;
					};
					5FF6A60C2F6DB16400D30ED9 = {
						CreatedOnToolsVersion = 26.2;
						TestTargetID = 5FB8F0122F6CAE9A00A5CC06;
					};
				};
			};
			buildConfigurationList = 5FB8F00E2F6CAE9A00A5CC06 /* Build configuration list for PBXProject "news" */;
			developmentRegion = en;
			hasScannedForEncodings = 0;
			knownRegions = (
				en,
				Base,
			);
			mainGroup = 5FB8F00A2F6CAE9A00A5CC06;
			minimizedProjectReferenceProxies = 1;
			preferredProjectObjectVersion = 77;
			productRefGroup = 5FB8F0142F6CAE9A00A5CC06 /* Products */;
			projectDirPath = "";
			projectRoot = "";
			targets = (
				5FB8F0122F6CAE9A00A5CC06 /* news */,
				5FB8F01F2F6CAE9C00A5CC06 /* newsTests */,
				5FB8F0402F6CAF2A00A5CC06 /* newsShared */,
				5FF6A60C2F6DB16400D30ED9 /* newsUITests */,
			);
		};
/* End PBXProject section */

/* Begin PBXResourcesBuildPhase section */
		5FB8F0112F6CAE9A00A5CC06 /* Resources */ = {
			isa = PBXResourcesBuildPhase;
			buildActionMask = 2147483647;
			files = (
				5F6F7F1F2F6CB93B007A6B9B /* Localizable.xcstrings in Resources */,
				5FB8F05B2F6CAFAF00A5CC06 /* Assets.xcassets in Resources */,
			);
			runOnlyForDeploymentPostprocessing = 0;
		};
		5FB8F01E2F6CAE9C00A5CC06 /* Resources */ = {
			isa = PBXResourcesBuildPhase;
			buildActionMask = 2147483647;
			files = (
			);
			runOnlyForDeploymentPostprocessing = 0;
		};
		5FF6A60B2F6DB16400D30ED9 /* Resources */ = {
			isa = PBXResourcesBuildPhase;
			buildActionMask = 2147483647;
			files = (
			);
			runOnlyForDeploymentPostprocessing = 0;
		};
/* End PBXResourcesBuildPhase section */

/* Begin PBXShellScriptBuildPhase section */
		4499ABDD96A7CE649C00F850 /* [CP] Check Pods Manifest.lock */ = {
			isa = PBXShellScriptBuildPhase;
			buildActionMask = 2147483647;
			files = (
			);
			inputFileListPaths = (
			);
			inputPaths = (
				"${PODS_PODFILE_DIR_PATH}/Podfile.lock",
				"${PODS_ROOT}/Manifest.lock",
			);
			name = "[CP] Check Pods Manifest.lock";
			outputFileListPaths = (
			);
			outputPaths = (
				"$(DERIVED_FILE_DIR)/Pods-news-checkManifestLockResult.txt",
			);
			runOnlyForDeploymentPostprocessing = 0;
			shellPath = /bin/sh;
			shellScript = "diff \"${PODS_PODFILE_DIR_PATH}/Podfile.lock\" \"${PODS_ROOT}/Manifest.lock\" > /dev/null\nif [ $? != 0 ] ; then\n    # print error to STDERR\n    echo \"error: The sandbox is not in sync with the Podfile.lock. Run 'pod install' or update your CocoaPods installation.\" >&2\n    exit 1\nfi\n# This output is used by Xcode 'outputs' to avoid re-running this script phase.\necho \"SUCCESS\" > \"${SCRIPT_OUTPUT_FILE_0}\"\n";
			showEnvVarsInLog = 0;
		};
		F9270D3BC3CC62EEFEF35DA4 /* [CP] Check Pods Manifest.lock */ = {
			isa = PBXShellScriptBuildPhase;
			buildActionMask = 2147483647;
			files = (
			);
			inputFileListPaths = (
			);
			inputPaths = (
				"${PODS_PODFILE_DIR_PATH}/Podfile.lock",
				"${PODS_ROOT}/Manifest.lock",
			);
			name = "[CP] Check Pods Manifest.lock";
			outputFileListPaths = (
			);
			outputPaths = (
				"$(DERIVED_FILE_DIR)/Pods-newsTests-checkManifestLockResult.txt",
			);
			runOnlyForDeploymentPostprocessing = 0;
			shellPath = /bin/sh;
			shellScript = "diff \"${PODS_PODFILE_DIR_PATH}/Podfile.lock\" \"${PODS_ROOT}/Manifest.lock\" > /dev/null\nif [ $? != 0 ] ; then\n    # print error to STDERR\n    echo \"error: The sandbox is not in sync with the Podfile.lock. Run 'pod install' or update your CocoaPods installation.\" >&2\n    exit 1\nfi\n# This output is used by Xcode 'outputs' to avoid re-running this script phase.\necho \"SUCCESS\" > \"${SCRIPT_OUTPUT_FILE_0}\"\n";
			showEnvVarsInLog = 0;
		};
		FA72D56B1762A7F1B7FE2CEF /* [CP] Embed Pods Frameworks */ = {
			isa = PBXShellScriptBuildPhase;
			buildActionMask = 2147483647;
			files = (
			);
			inputFileListPaths = (
				"${PODS_ROOT}/Target Support Files/Pods-news/Pods-news-frameworks-${CONFIGURATION}-input-files.xcfilelist",
			);
			inputPaths = (
			);
			name = "[CP] Embed Pods Frameworks";
			outputFileListPaths = (
				"${PODS_ROOT}/Target Support Files/Pods-news/Pods-news-frameworks-${CONFIGURATION}-output-files.xcfilelist",
			);
			outputPaths = (
			);
			runOnlyForDeploymentPostprocessing = 0;
			shellPath = /bin/sh;
			shellScript = "\"${PODS_ROOT}/Target Support Files/Pods-news/Pods-news-frameworks.sh\"\n";
			showEnvVarsInLog = 0;
		};
/* End PBXShellScriptBuildPhase section */

/* Begin PBXSourcesBuildPhase section */
		5FB8F00F2F6CAE9A00A5CC06 /* Sources */ = {
			isa = PBXSourcesBuildPhase;
			buildActionMask = 2147483647;
			files = (
				5F98FFCA2F6CC02F00D1511F /* PreviewConstants.swift in Sources */,
				5F98FFCD2F6CC04400D1511F /* Stub.swift in Sources */,
				5FB8F05C2F6CAFAF00A5CC06 /* ContentView.swift in Sources */,
				5FB8F05D2F6CAFAF00A5CC06 /* NewsApp.swift in Sources */,
				5F6F7F202F6CB93B007A6B9B /* DefaultInjections.swift in Sources */,
				5F10837B2F932B1F00C64438 /* QueriesViewModelPreview.swift in Sources */,
				5F6F7F352F6CB94F007A6B9B /* ArticlesToolbarModifier.swift in Sources */,
				5F6F7F372F6CB94F007A6B9B /* ArticleCardView.swift in Sources */,
				5F6F7F382F6CB94F007A6B9B /* ArticlesView.swift in Sources */,
				5F6F7F392F6CB94F007A6B9B /* ArticlesViewModelContract.swift in Sources */,
				5F6F7F3A2F6CB94F007A6B9B /* ArticlesViewModelPreview.swift in Sources */,
				5F6F7F4E2F6CB9A0007A6B9B /* ArticleEntity.swift in Sources */,
				5F6F7F4F2F6CB9A0007A6B9B /* Articles+Log.swift in Sources */,
				5F6F7F502F6CB9A0007A6B9B /* Article.swift in Sources */,
				5F6F7F512F6CB9A0007A6B9B /* Constants.swift in Sources */,
				5FD07C542F7DD62D009AAF93 /* NewsApp+Common.swift in Sources */,
				5F6F7F522F6CB9A0007A6B9B /* NewsDatabase.swift in Sources */,
				5F6F7F532F6CB9A0007A6B9B /* QueryArticleEntity.swift in Sources */,
				5F6F7F542F6CB9A0007A6B9B /* QueryEntity.swift in Sources */,
				5F6F7F552F6CB9A0007A6B9B /* EntityMapper.swift in Sources */,
				5F6F7F562F6CB9A0007A6B9B /* ArticleEntityMapper.swift in Sources */,
				5F39225C2F7C179C00BC9749 /* OnlineArticleView.swift in Sources */,
				5F6F7F572F6CB9A0007A6B9B /* Log.swift in Sources */,
				5F6F7F582F6CB9A0007A6B9B /* DefaultNewsDatabase.swift in Sources */,
				5F6F7F592F6CB9A0007A6B9B /* ArticlesResponse.swift in Sources */,
				5F6F7F3B2F6CB94F007A6B9B /* Dimensions.swift in Sources */,
				5F6F7F3C2F6CB94F007A6B9B /* ArticlesViewModel.swift in Sources */,
				5F98FFCB2F6CC03600D1511F /* PreviewConstants+ArticleEntities.swift in Sources */,
				5F6F7F3D2F6CB94F007A6B9B /* ProgressBar.swift in Sources */,
				5F6F7F212F6CB93B007A6B9B /* InjectionType.swift in Sources */,
				5F83D7C12F8D6D2D00E5A14D /* QueriesViewModelContract.swift in Sources */,
				5F6F7F222F6CB93B007A6B9B /* InjectionProvider.swift in Sources */,
				5F6F7F232F6CB93B007A6B9B /* Inject.swift in Sources */,
				5F83D7BF2F8D6CF800E5A14D /* QueriesViewModel.swift in Sources */,
				5FD07C4F2F7DD3C5009AAF93 /* PreviewInjections.swift in Sources */,
				5F6F7F242F6CB93B007A6B9B /* Array+Comon.swift in Sources */,
				5F6F7F252F6CB93B007A6B9B /* Injections.swift in Sources */,
				5F6F7F262F6CB93B007A6B9B /* String+Common.swift in Sources */,
				5F1083792F932AD700C64438 /* QueriesView.swift in Sources */,
				5F6F7F712F6CB9AD007A6B9B /* HttpClientResponse.swift in Sources */,
				5F6F7F722F6CB9AD007A6B9B /* HttpClient+Common.swift in Sources */,
				5F39225A2F7B742C00BC9749 /* ArticleView.swift in Sources */,
				5F6F7F732F6CB9AD007A6B9B /* HttpRouter.swift in Sources */,
				5F10837D2F932B6F00C64438 /* PreviewConstants+Queries.swift in Sources */,
				5F6F7F742F6CB9AD007A6B9B /* DefaultHttpRouter.swift in Sources */,
				5F6F7F752F6CB9AD007A6B9B /* ErrorModel.swift in Sources */,
				5F6F7F762F6CB9AD007A6B9B /* DefaultSessionDataDelegate.swift in Sources */,
				5F6F7F772F6CB9AD007A6B9B /* Repository.swift in Sources */,
				5F6F7F782F6CB9AD007A6B9B /* HttpMethod.swift in Sources */,
				5F98FFCC2F6CC03C00D1511F /* PreviewConstants+Articles.swift in Sources */,
				5F6F7F792F6CB9AD007A6B9B /* DefaultRepository.swift in Sources */,
				5F6F7F7A2F6CB9AD007A6B9B /* NoResponse.swift in Sources */,
				5F6F7F7B2F6CB9AD007A6B9B /* URLRequest+Common.swift in Sources */,
				5F6F7F7C2F6CB9AD007A6B9B /* DecoderFactory.swift in Sources */,
				5F98FFCE2F6CC04C00D1511F /* ArticleEntity+Stub.swift in Sources */,
				5F6F7F7D2F6CB9AD007A6B9B /* InternetService.swift in Sources */,
				5F6F7F7E2F6CB9AD007A6B9B /* DefaultHttpClient.swift in Sources */,
				5F6F7F7F2F6CB9AD007A6B9B /* DefaultInternetService.swift in Sources */,
				5F6F7F802F6CB9AD007A6B9B /* HttpError.swift in Sources */,
				5F6F7F812F6CB9AD007A6B9B /* HttpClientResponseRaw.swift in Sources */,
				5F6F7F822F6CB9AD007A6B9B /* HttpClient.swift in Sources */,
				5F6F7F832F6CB9AD007A6B9B /* ResourceProvider.swift in Sources */,
				5F6F7F842F6CB9AD007A6B9B /* Resource.swift in Sources */,
				5F39225E2F7C185100BC9749 /* OfflineArticleView.swift in Sources */,
				5F6F7F272F6CB93B007A6B9B /* NewsApi.swift in Sources */,
				5F6F7F282F6CB93B007A6B9B /* ArticleEntity+DateCreated.swift in Sources */,
			);
			runOnlyForDeploymentPostprocessing = 0;
		};
		5FB8F01C2F6CAE9C00A5CC06 /* Sources */ = {
			isa = PBXSourcesBuildPhase;
			buildActionMask = 2147483647;
			files = (
				5F5AF2A82F6DA0AB00453EF3 /* HttpClientResponseRaw+Common.swift in Sources */,
				5F5AF2A92F6DA0AB00453EF3 /* Asyncstream+Common.swift in Sources */,
				5F5AF2AA2F6DA0AB00453EF3 /* ArticleEntity+Common.swift in Sources */,
				5F5AF2A72F6DA0A500453EF3 /* MockNewsDatabase.swift in Sources */,
				5F5AF2A42F6DA09200453EF3 /* MockInternetService.swift in Sources */,
				5F5AF2A62F6DA09F00453EF3 /* MockRepository.swift in Sources */,
				5F5AF2A52F6DA09800453EF3 /* MockHttpClient.swift in Sources */,
				5F5AF2A12F6DA06400453EF3 /* ArticlesViewModelTest.swift in Sources */,
				5F5AF2A22F6DA06B00453EF3 /* RepositoryTests.swift in Sources */,
				5F1083802F93378700C64438 /* QueriesViewModelTests.swift in Sources */,
				5F5AF2A32F6DA07100453EF3 /* HttpClientTest.swift in Sources */,
			);
			runOnlyForDeploymentPostprocessing = 0;
		};
		5FB8F03D2F6CAF2A00A5CC06 /* Sources */ = {
			isa = PBXSourcesBuildPhase;
			buildActionMask = 2147483647;
			files = (
				5F10837E2F932B6F00C64438 /* PreviewConstants+Queries.swift in Sources */,
			);
			runOnlyForDeploymentPostprocessing = 0;
		};
		5FF6A6092F6DB16400D30ED9 /* Sources */ = {
			isa = PBXSourcesBuildPhase;
			buildActionMask = 2147483647;
			files = (
				5FF6A61B2F6DB17600D30ED9 /* NewsUITests.swift in Sources */,
				5FF6A61C2F6DB17600D30ED9 /* NewsUITestsLaunchTests.swift in Sources */,
			);
			runOnlyForDeploymentPostprocessing = 0;
		};
/* End PBXSourcesBuildPhase section */

/* Begin PBXTargetDependency section */
		5FB8F0222F6CAE9C00A5CC06 /* PBXTargetDependency */ = {
			isa = PBXTargetDependency;
			target = 5FB8F0122F6CAE9A00A5CC06 /* news */;
			targetProxy = 5FB8F0212F6CAE9C00A5CC06 /* PBXContainerItemProxy */;
		};
		5FF6A6142F6DB16400D30ED9 /* PBXTargetDependency */ = {
			isa = PBXTargetDependency;
			target = 5FB8F0122F6CAE9A00A5CC06 /* news */;
			targetProxy = 5FF6A6132F6DB16400D30ED9 /* PBXContainerItemProxy */;
		};
/* End PBXTargetDependency section */

/* Begin XCBuildConfiguration section */
		5FB8F0322F6CAE9C00A5CC06 /* Debug */ = {
			isa = XCBuildConfiguration;
			buildSettings = {
				ALWAYS_SEARCH_USER_PATHS = NO;
				ASSETCATALOG_COMPILER_GENERATE_SWIFT_ASSET_SYMBOL_EXTENSIONS = YES;
				CLANG_ANALYZER_NONNULL = YES;
				CLANG_ANALYZER_NUMBER_OBJECT_CONVERSION = YES_AGGRESSIVE;
				CLANG_CXX_LANGUAGE_STANDARD = "gnu++20";
				CLANG_ENABLE_MODULES = YES;
				CLANG_ENABLE_OBJC_ARC = YES;
				CLANG_ENABLE_OBJC_WEAK = YES;
				CLANG_WARN_BLOCK_CAPTURE_AUTORELEASING = YES;
				CLANG_WARN_BOOL_CONVERSION = YES;
				CLANG_WARN_COMMA = YES;
				CLANG_WARN_CONSTANT_CONVERSION = YES;
				CLANG_WARN_DEPRECATED_OBJC_IMPLEMENTATIONS = YES;
				CLANG_WARN_DIRECT_OBJC_ISA_USAGE = YES_ERROR;
				CLANG_WARN_DOCUMENTATION_COMMENTS = YES;
				CLANG_WARN_EMPTY_BODY = YES;
				CLANG_WARN_ENUM_CONVERSION = YES;
				CLANG_WARN_INFINITE_RECURSION = YES;
				CLANG_WARN_INT_CONVERSION = YES;
				CLANG_WARN_NON_LITERAL_NULL_CONVERSION = YES;
				CLANG_WARN_OBJC_IMPLICIT_RETAIN_SELF = YES;
				CLANG_WARN_OBJC_LITERAL_CONVERSION = YES;
				CLANG_WARN_OBJC_ROOT_CLASS = YES_ERROR;
				CLANG_WARN_QUOTED_INCLUDE_IN_FRAMEWORK_HEADER = YES;
				CLANG_WARN_RANGE_LOOP_ANALYSIS = YES;
				CLANG_WARN_STRICT_PROTOTYPES = YES;
				CLANG_WARN_SUSPICIOUS_MOVE = YES;
				CLANG_WARN_UNGUARDED_AVAILABILITY = YES_AGGRESSIVE;
				CLANG_WARN_UNREACHABLE_CODE = YES;
				CLANG_WARN__DUPLICATE_METHOD_MATCH = YES;
				COPY_PHASE_STRIP = NO;
				DEBUG_INFORMATION_FORMAT = dwarf;
				ENABLE_STRICT_OBJC_MSGSEND = YES;
				ENABLE_TESTABILITY = YES;
				ENABLE_USER_SCRIPT_SANDBOXING = NO;
				GCC_C_LANGUAGE_STANDARD = gnu17;
				GCC_DYNAMIC_NO_PIC = NO;
				GCC_NO_COMMON_BLOCKS = YES;
				GCC_OPTIMIZATION_LEVEL = 0;
				GCC_PREPROCESSOR_DEFINITIONS = (
					"DEBUG=1",
					"$(inherited)",
				);
				GCC_WARN_64_TO_32_BIT_CONVERSION = YES;
				GCC_WARN_ABOUT_RETURN_TYPE = YES_ERROR;
				GCC_WARN_UNDECLARED_SELECTOR = YES;
				GCC_WARN_UNINITIALIZED_AUTOS = YES_AGGRESSIVE;
				GCC_WARN_UNUSED_FUNCTION = YES;
				GCC_WARN_UNUSED_VARIABLE = YES;
				IPHONEOS_DEPLOYMENT_TARGET = 26.2;
				LOCALIZATION_PREFERS_STRING_CATALOGS = YES;
				MTL_ENABLE_DEBUG_INFO = INCLUDE_SOURCE;
				MTL_FAST_MATH = YES;
				ONLY_ACTIVE_ARCH = YES;
				SDKROOT = iphoneos;
				SWIFT_ACTIVE_COMPILATION_CONDITIONS = "DEBUG $(inherited)";
				SWIFT_OPTIMIZATION_LEVEL = "-Onone";
				SWIFT_VERSION = 6.0;
			};
			name = Debug;
		};
		5FB8F0332F6CAE9C00A5CC06 /* Release */ = {
			isa = XCBuildConfiguration;
			buildSettings = {
				ALWAYS_SEARCH_USER_PATHS = NO;
				ASSETCATALOG_COMPILER_GENERATE_SWIFT_ASSET_SYMBOL_EXTENSIONS = YES;
				CLANG_ANALYZER_NONNULL = YES;
				CLANG_ANALYZER_NUMBER_OBJECT_CONVERSION = YES_AGGRESSIVE;
				CLANG_CXX_LANGUAGE_STANDARD = "gnu++20";
				CLANG_ENABLE_MODULES = YES;
				CLANG_ENABLE_OBJC_ARC = YES;
				CLANG_ENABLE_OBJC_WEAK = YES;
				CLANG_WARN_BLOCK_CAPTURE_AUTORELEASING = YES;
				CLANG_WARN_BOOL_CONVERSION = YES;
				CLANG_WARN_COMMA = YES;
				CLANG_WARN_CONSTANT_CONVERSION = YES;
				CLANG_WARN_DEPRECATED_OBJC_IMPLEMENTATIONS = YES;
				CLANG_WARN_DIRECT_OBJC_ISA_USAGE = YES_ERROR;
				CLANG_WARN_DOCUMENTATION_COMMENTS = YES;
				CLANG_WARN_EMPTY_BODY = YES;
				CLANG_WARN_ENUM_CONVERSION = YES;
				CLANG_WARN_INFINITE_RECURSION = YES;
				CLANG_WARN_INT_CONVERSION = YES;
				CLANG_WARN_NON_LITERAL_NULL_CONVERSION = YES;
				CLANG_WARN_OBJC_IMPLICIT_RETAIN_SELF = YES;
				CLANG_WARN_OBJC_LITERAL_CONVERSION = YES;
				CLANG_WARN_OBJC_ROOT_CLASS = YES_ERROR;
				CLANG_WARN_QUOTED_INCLUDE_IN_FRAMEWORK_HEADER = YES;
				CLANG_WARN_RANGE_LOOP_ANALYSIS = YES;
				CLANG_WARN_STRICT_PROTOTYPES = YES;
				CLANG_WARN_SUSPICIOUS_MOVE = YES;
				CLANG_WARN_UNGUARDED_AVAILABILITY = YES_AGGRESSIVE;
				CLANG_WARN_UNREACHABLE_CODE = YES;
				CLANG_WARN__DUPLICATE_METHOD_MATCH = YES;
				COPY_PHASE_STRIP = NO;
				DEBUG_INFORMATION_FORMAT = "dwarf-with-dsym";
				ENABLE_NS_ASSERTIONS = NO;
				ENABLE_STRICT_OBJC_MSGSEND = YES;
				ENABLE_USER_SCRIPT_SANDBOXING = NO;
				GCC_C_LANGUAGE_STANDARD = gnu17;
				GCC_NO_COMMON_BLOCKS = YES;
				GCC_WARN_64_TO_32_BIT_CONVERSION = YES;
				GCC_WARN_ABOUT_RETURN_TYPE = YES_ERROR;
				GCC_WARN_UNDECLARED_SELECTOR = YES;
				GCC_WARN_UNINITIALIZED_AUTOS = YES_AGGRESSIVE;
				GCC_WARN_UNUSED_FUNCTION = YES;
				GCC_WARN_UNUSED_VARIABLE = YES;
				IPHONEOS_DEPLOYMENT_TARGET = 26.2;
				LOCALIZATION_PREFERS_STRING_CATALOGS = YES;
				MTL_ENABLE_DEBUG_INFO = NO;
				MTL_FAST_MATH = YES;
				SDKROOT = iphoneos;
				SWIFT_COMPILATION_MODE = wholemodule;
				SWIFT_VERSION = 6.0;
				VALIDATE_PRODUCT = YES;
			};
			name = Release;
		};
		5FB8F0352F6CAE9C00A5CC06 /* Debug */ = {
			isa = XCBuildConfiguration;
			baseConfigurationReference = 0A51068614D8A6139F76507C /* Pods-news.debug.xcconfig */;
			buildSettings = {
				ASSETCATALOG_COMPILER_APPICON_NAME = AppIcon;
				ASSETCATALOG_COMPILER_GLOBAL_ACCENT_COLOR_NAME = AccentColor;
				CODE_SIGN_STYLE = Automatic;
				CURRENT_PROJECT_VERSION = 1;
				ENABLE_PREVIEWS = YES;
				GENERATE_INFOPLIST_FILE = YES;
				INFOPLIST_KEY_UIApplicationSceneManifest_Generation = YES;
				INFOPLIST_KEY_UIApplicationSupportsIndirectInputEvents = YES;
				INFOPLIST_KEY_UILaunchScreen_Generation = YES;
				INFOPLIST_KEY_UISupportedInterfaceOrientations_iPad = "UIInterfaceOrientationPortrait UIInterfaceOrientationPortraitUpsideDown UIInterfaceOrientationLandscapeLeft UIInterfaceOrientationLandscapeRight";
				INFOPLIST_KEY_UISupportedInterfaceOrientations_iPhone = "UIInterfaceOrientationPortrait UIInterfaceOrientationLandscapeLeft UIInterfaceOrientationLandscapeRight";
				IPHONEOS_DEPLOYMENT_TARGET = 26.2;
				LD_RUNPATH_SEARCH_PATHS = (
					"$(inherited)",
					"@executable_path/Frameworks",
				);
				MARKETING_VERSION = 1.0;
				PRODUCT_BUNDLE_IDENTIFIER = com.ios.application.news;
				PRODUCT_NAME = "$(TARGET_NAME)";
				STRING_CATALOG_GENERATE_SYMBOLS = YES;
				SUPPORTED_PLATFORMS = "iphoneos iphonesimulator";
				SUPPORTS_MACCATALYST = NO;
				SUPPORTS_MAC_DESIGNED_FOR_IPHONE_IPAD = NO;
				SUPPORTS_XR_DESIGNED_FOR_IPHONE_IPAD = NO;
				SWIFT_APPROACHABLE_CONCURRENCY = YES;
				SWIFT_DEFAULT_ACTOR_ISOLATION = MainActor;
				SWIFT_EMIT_LOC_STRINGS = YES;
				SWIFT_UPCOMING_FEATURE_MEMBER_IMPORT_VISIBILITY = YES;
				SWIFT_VERSION = 6.0;
				TARGETED_DEVICE_FAMILY = 1;
			};
			name = Debug;
		};
		5FB8F0362F6CAE9C00A5CC06 /* Release */ = {
			isa = XCBuildConfiguration;
			baseConfigurationReference = D9A9E89BF9808679ADFF585B /* Pods-news.release.xcconfig */;
			buildSettings = {
				ASSETCATALOG_COMPILER_APPICON_NAME = AppIcon;
				ASSETCATALOG_COMPILER_GLOBAL_ACCENT_COLOR_NAME = AccentColor;
				CODE_SIGN_STYLE = Automatic;
				CURRENT_PROJECT_VERSION = 1;
				ENABLE_PREVIEWS = YES;
				GENERATE_INFOPLIST_FILE = YES;
				INFOPLIST_KEY_UIApplicationSceneManifest_Generation = YES;
				INFOPLIST_KEY_UIApplicationSupportsIndirectInputEvents = YES;
				INFOPLIST_KEY_UILaunchScreen_Generation = YES;
				INFOPLIST_KEY_UISupportedInterfaceOrientations_iPad = "UIInterfaceOrientationPortrait UIInterfaceOrientationPortraitUpsideDown UIInterfaceOrientationLandscapeLeft UIInterfaceOrientationLandscapeRight";
				INFOPLIST_KEY_UISupportedInterfaceOrientations_iPhone = "UIInterfaceOrientationPortrait UIInterfaceOrientationLandscapeLeft UIInterfaceOrientationLandscapeRight";
				IPHONEOS_DEPLOYMENT_TARGET = 26.2;
				LD_RUNPATH_SEARCH_PATHS = (
					"$(inherited)",
					"@executable_path/Frameworks",
				);
				MARKETING_VERSION = 1.0;
				PRODUCT_BUNDLE_IDENTIFIER = com.ios.application.news;
				PRODUCT_NAME = "$(TARGET_NAME)";
				STRING_CATALOG_GENERATE_SYMBOLS = YES;
				SUPPORTED_PLATFORMS = "iphoneos iphonesimulator";
				SUPPORTS_MACCATALYST = NO;
				SUPPORTS_MAC_DESIGNED_FOR_IPHONE_IPAD = NO;
				SUPPORTS_XR_DESIGNED_FOR_IPHONE_IPAD = NO;
				SWIFT_APPROACHABLE_CONCURRENCY = YES;
				SWIFT_DEFAULT_ACTOR_ISOLATION = MainActor;
				SWIFT_EMIT_LOC_STRINGS = YES;
				SWIFT_UPCOMING_FEATURE_MEMBER_IMPORT_VISIBILITY = YES;
				SWIFT_VERSION = 6.0;
				TARGETED_DEVICE_FAMILY = 1;
			};
			name = Release;
		};
		5FB8F0382F6CAE9C00A5CC06 /* Debug */ = {
			isa = XCBuildConfiguration;
			baseConfigurationReference = 85EB02D537CA92F6A6D7E79E /* Pods-newsTests.debug.xcconfig */;
			buildSettings = {
				BUNDLE_LOADER = "$(TEST_HOST)";
				CODE_SIGN_STYLE = Automatic;
				CURRENT_PROJECT_VERSION = 1;
				GENERATE_INFOPLIST_FILE = YES;
				IPHONEOS_DEPLOYMENT_TARGET = 26.2;
				MARKETING_VERSION = 1.0;
				PRODUCT_BUNDLE_IDENTIFIER = com.ios.application.newsTests;
				PRODUCT_NAME = "$(TARGET_NAME)";
				STRING_CATALOG_GENERATE_SYMBOLS = NO;
				SUPPORTED_PLATFORMS = "iphoneos iphonesimulator";
				SUPPORTS_MACCATALYST = NO;
				SUPPORTS_MAC_DESIGNED_FOR_IPHONE_IPAD = NO;
				SUPPORTS_XR_DESIGNED_FOR_IPHONE_IPAD = NO;
				SWIFT_APPROACHABLE_CONCURRENCY = YES;
				SWIFT_EMIT_LOC_STRINGS = NO;
				SWIFT_UPCOMING_FEATURE_MEMBER_IMPORT_VISIBILITY = YES;
				SWIFT_VERSION = 6.0;
				TARGETED_DEVICE_FAMILY = 1;
				TEST_HOST = "$(BUILT_PRODUCTS_DIR)/news.app/$(BUNDLE_EXECUTABLE_FOLDER_PATH)/news";
			};
			name = Debug;
		};
		5FB8F0392F6CAE9C00A5CC06 /* Release */ = {
			isa = XCBuildConfiguration;
			baseConfigurationReference = 1B9EF25CE0FD692D4E9D0F4F /* Pods-newsTests.release.xcconfig */;
			buildSettings = {
				BUNDLE_LOADER = "$(TEST_HOST)";
				CODE_SIGN_STYLE = Automatic;
				CURRENT_PROJECT_VERSION = 1;
				GENERATE_INFOPLIST_FILE = YES;
				IPHONEOS_DEPLOYMENT_TARGET = 26.2;
				MARKETING_VERSION = 1.0;
				PRODUCT_BUNDLE_IDENTIFIER = com.ios.application.newsTests;
				PRODUCT_NAME = "$(TARGET_NAME)";
				STRING_CATALOG_GENERATE_SYMBOLS = NO;
				SUPPORTED_PLATFORMS = "iphoneos iphonesimulator";
				SUPPORTS_MACCATALYST = NO;
				SUPPORTS_MAC_DESIGNED_FOR_IPHONE_IPAD = NO;
				SUPPORTS_XR_DESIGNED_FOR_IPHONE_IPAD = NO;
				SWIFT_APPROACHABLE_CONCURRENCY = YES;
				SWIFT_EMIT_LOC_STRINGS = NO;
				SWIFT_UPCOMING_FEATURE_MEMBER_IMPORT_VISIBILITY = YES;
				SWIFT_VERSION = 6.0;
				TARGETED_DEVICE_FAMILY = 1;
				TEST_HOST = "$(BUILT_PRODUCTS_DIR)/news.app/$(BUNDLE_EXECUTABLE_FOLDER_PATH)/news";
			};
			name = Release;
		};
		5FB8F0462F6CAF2A00A5CC06 /* Debug */ = {
			isa = XCBuildConfiguration;
			buildSettings = {
				CLANG_ENABLE_MODULES = YES;
				CODE_SIGN_STYLE = Automatic;
				IPHONEOS_DEPLOYMENT_TARGET = 26.2;
				OTHER_LDFLAGS = "-ObjC";
				PRODUCT_NAME = "$(TARGET_NAME)";
				SKIP_INSTALL = YES;
				SUPPORTED_PLATFORMS = "iphoneos iphonesimulator";
				SUPPORTS_MACCATALYST = NO;
				SUPPORTS_MAC_DESIGNED_FOR_IPHONE_IPAD = NO;
				SUPPORTS_XR_DESIGNED_FOR_IPHONE_IPAD = NO;
				SWIFT_APPROACHABLE_CONCURRENCY = YES;
				SWIFT_OPTIMIZATION_LEVEL = "-Onone";
				SWIFT_UPCOMING_FEATURE_MEMBER_IMPORT_VISIBILITY = YES;
				SWIFT_VERSION = 6.0;
				TARGETED_DEVICE_FAMILY = 1;
			};
			name = Debug;
		};
		5FB8F0472F6CAF2A00A5CC06 /* Release */ = {
			isa = XCBuildConfiguration;
			buildSettings = {
				CLANG_ENABLE_MODULES = YES;
				CODE_SIGN_STYLE = Automatic;
				IPHONEOS_DEPLOYMENT_TARGET = 26.2;
				OTHER_LDFLAGS = "-ObjC";
				PRODUCT_NAME = "$(TARGET_NAME)";
				SKIP_INSTALL = YES;
				SUPPORTED_PLATFORMS = "iphoneos iphonesimulator";
				SUPPORTS_MACCATALYST = NO;
				SUPPORTS_MAC_DESIGNED_FOR_IPHONE_IPAD = NO;
				SUPPORTS_XR_DESIGNED_FOR_IPHONE_IPAD = NO;
				SWIFT_APPROACHABLE_CONCURRENCY = YES;
				SWIFT_UPCOMING_FEATURE_MEMBER_IMPORT_VISIBILITY = YES;
				SWIFT_VERSION = 6.0;
				TARGETED_DEVICE_FAMILY = 1;
			};
			name = Release;
		};
		5FF6A6162F6DB16400D30ED9 /* Debug */ = {
			isa = XCBuildConfiguration;
			buildSettings = {
				CODE_SIGN_STYLE = Automatic;
				CURRENT_PROJECT_VERSION = 1;
				ENABLE_USER_SCRIPT_SANDBOXING = YES;
				GENERATE_INFOPLIST_FILE = YES;
				MARKETING_VERSION = 1.0;
				PRODUCT_BUNDLE_IDENTIFIER = com.ios.application.newsUITests;
				PRODUCT_NAME = "$(TARGET_NAME)";
				STRING_CATALOG_GENERATE_SYMBOLS = NO;
				SWIFT_APPROACHABLE_CONCURRENCY = YES;
				SWIFT_EMIT_LOC_STRINGS = NO;
				SWIFT_UPCOMING_FEATURE_MEMBER_IMPORT_VISIBILITY = YES;
				SWIFT_VERSION = 5.0;
				TARGETED_DEVICE_FAMILY = "1,2";
				TEST_TARGET_NAME = news;
			};
			name = Debug;
		};
		5FF6A6172F6DB16400D30ED9 /* Release */ = {
			isa = XCBuildConfiguration;
			buildSettings = {
				CODE_SIGN_STYLE = Automatic;
				CURRENT_PROJECT_VERSION = 1;
				ENABLE_USER_SCRIPT_SANDBOXING = YES;
				GENERATE_INFOPLIST_FILE = YES;
				MARKETING_VERSION = 1.0;
				PRODUCT_BUNDLE_IDENTIFIER = com.ios.application.newsUITests;
				PRODUCT_NAME = "$(TARGET_NAME)";
				STRING_CATALOG_GENERATE_SYMBOLS = NO;
				SWIFT_APPROACHABLE_CONCURRENCY = YES;
				SWIFT_EMIT_LOC_STRINGS = NO;
				SWIFT_UPCOMING_FEATURE_MEMBER_IMPORT_VISIBILITY = YES;
				SWIFT_VERSION = 5.0;
				TARGETED_DEVICE_FAMILY = "1,2";
				TEST_TARGET_NAME = news;
			};
			name = Release;
		};
/* End XCBuildConfiguration section */

/* Begin XCConfigurationList section */
		5FB8F00E2F6CAE9A00A5CC06 /* Build configuration list for PBXProject "news" */ = {
			isa = XCConfigurationList;
			buildConfigurations = (
				5FB8F0322F6CAE9C00A5CC06 /* Debug */,
				5FB8F0332F6CAE9C00A5CC06 /* Release */,
			);
			defaultConfigurationIsVisible = 0;
			defaultConfigurationName = Release;
		};
		5FB8F0342F6CAE9C00A5CC06 /* Build configuration list for PBXNativeTarget "news" */ = {
			isa = XCConfigurationList;
			buildConfigurations = (
				5FB8F0352F6CAE9C00A5CC06 /* Debug */,
				5FB8F0362F6CAE9C00A5CC06 /* Release */,
			);
			defaultConfigurationIsVisible = 0;
			defaultConfigurationName = Release;
		};
		5FB8F0372F6CAE9C00A5CC06 /* Build configuration list for PBXNativeTarget "newsTests" */ = {
			isa = XCConfigurationList;
			buildConfigurations = (
				5FB8F0382F6CAE9C00A5CC06 /* Debug */,
				5FB8F0392F6CAE9C00A5CC06 /* Release */,
			);
			defaultConfigurationIsVisible = 0;
			defaultConfigurationName = Release;
		};
		5FB8F0452F6CAF2A00A5CC06 /* Build configuration list for PBXNativeTarget "newsShared" */ = {
			isa = XCConfigurationList;
			buildConfigurations = (
				5FB8F0462F6CAF2A00A5CC06 /* Debug */,
				5FB8F0472F6CAF2A00A5CC06 /* Release */,
			);
			defaultConfigurationIsVisible = 0;
			defaultConfigurationName = Release;
		};
		5FF6A6152F6DB16400D30ED9 /* Build configuration list for PBXNativeTarget "newsUITests" */ = {
			isa = XCConfigurationList;
			buildConfigurations = (
				5FF6A6162F6DB16400D30ED9 /* Debug */,
				5FF6A6172F6DB16400D30ED9 /* Release */,
			);
			defaultConfigurationIsVisible = 0;
			defaultConfigurationName = Release;
		};
/* End XCConfigurationList section */
	};
	rootObject = 5FB8F00B2F6CAE9A00A5CC06 /* Project object */;
}
